
Microsoft Visual Studio Solution File, Format Version 12.00
# Visual Studio Version 17
VisualStudioVersion = 17.6.33815.320
MinimumVisualStudioVersion = 10.0.40219.1
Project("{8BC9CEB8-8B4A-11D0-8D11-00A0C91BC942}") = "5-1", "5-1\5-1.vcxproj", "{D704DF1C-C036-4826-9FC6-65773BD8B7CF}"
EndProject
Project("{8BC9CEB8-8B4A-11D0-8D11-00A0C91BC942}") = "5-2", "5-2\5-2.vcxproj", "{0DEB1D3A-0A95-4FB2-8163-8F64BDB1C8C2}"
EndProject
Project("{8BC9CEB8-8B4A-11D0-8D11-00A0C91BC942}") = "5-3", "5-3\5-3.vcxproj", "{34CD7D47-4AA7-4003-A807-E36030D15641}"
EndProject
Project("{8BC9CEB8-8B4A-11D0-8D11-00A0C91BC942}") = "5-4", "5-4\5-4.vcxproj", "{85DD1DD3-D3EA-4ACA-8AF3-3CD3E3966C78}"
EndProject
Project("{8BC9CEB8-8B4A-11D0-8D11-00A0C91BC942}") = "5-5", "5-5\5-5.vcxproj", "{7440EE45-420E-435E-8868-66BB798CF6DA}"
EndProject
Project("{8BC9CEB8-8B4A-11D0-8D11-00A0C91BC942}") = "5-6", "5-6\5-6.vcxproj", "{089C597E-95A6-4587-9951-13D285360A5C}"
EndProject
Project("{8BC9CEB8-8B4A-11D0-8D11-00A0C91BC942}") = "5-7", "5-7\5-7.vcxproj", "{6D172A05-F3FD-44C6-8BE9-E69257BFC4EF}"
EndProject
Project("{8BC9CEB8-8B4A-11D0-8D11-00A0C91BC942}") = "5-8", "5-8\5-8.vcxproj", "{D5F029D7-89B5-40B3-8044-7AE383FE57EA}"
EndProject
Project("{8BC9CEB8-8B4A-11D0-8D11-00A0C91BC942}") = "5-9", "5-9\5-9.vcxproj", "{7B63497B-0EEC-43BB-A602-37DB63706ED5}"
EndProject
Project("{8BC9CEB8-8B4A-11D0-8D11-00A0C91BC942}") = "5-10", "5-10\5-10.vcxproj", "{DF43CB91-2986-4173-B41C-21DAC4E7B91D}"
EndProject
Project("{8BC9CEB8-8B4A-11D0-8D11-00A0C91BC942}") = "5-11", "5-11\5-11.vcxproj", "{B49EDA92-DAE2-4FC8-A4D2-E733B0C2FB14}"
EndProject
Project("{8BC9CEB8-8B4A-11D0-8D11-00A0C91BC942}") = "5-12", "5-12\5-12.vcxproj", "{D25E8503-8089-47A4-B9E5-0904BA3DD186}"
EndProject
Project("{8BC9CEB8-8B4A-11D0-8D11-00A0C91BC942}") = "5-13", "5-13\5-13.vcxproj", "{D916B176-FE95-438E-A74D-B01FA461E1E1}"
EndProject
Project("{8BC9CEB8-8B4A-11D0-8D11-00A0C91BC942}") = "5-14", "5-14\5-14.vcxproj", "{7347C00A-7503-47AF-8488-3F5CBE830B9D}"
EndProject
Project("{8BC9CEB8-8B4A-11D0-8D11-00A0C91BC942}") = "5-15", "5-15\5-15.vcxproj", "{A95944F5-EA5F-4907-AAD7-9616A6C1A841}"
EndProject
Project("{8BC9CEB8-8B4A-11D0-8D11-00A0C91BC942}") = "5-16", "5-16\5-16.vcxproj", "{E386027F-1C2E-41B9-B8DF-5F549E6B0EC9}"
EndProject
Global
	GlobalSection(SolutionConfigurationPlatforms) = preSolution
		Debug|x64 = Debug|x64
		Debug|x86 = Debug|x86
		Release|x64 = Release|x64
		Release|x86 = Release|x86
	EndGlobalSection
	GlobalSection(ProjectConfigurationPlatforms) = postSolution
		{D704DF1C-C036-4826-9FC6-65773BD8B7CF}.Debug|x64.ActiveCfg = Debug|x64
		{D704DF1C-C036-4826-9FC6-65773BD8B7CF}.Debug|x64.Build.0 = Debug|x64
		{D704DF1C-C036-4826-9FC6-65773BD8B7CF}.Debug|x86.ActiveCfg = Debug|Win32
		{D704DF1C-C036-4826-9FC6-65773BD8B7CF}.Debug|x86.Build.0 = Debug|Win32
		{D704DF1C-C036-4826-9FC6-65773BD8B7CF}.Release|x64.ActiveCfg = Release|x64
		{D704DF1C-C036-4826-9FC6-65773BD8B7CF}.Release|x64.Build.0 = Release|x64
		{D704DF1C-C036-4826-9FC6-65773BD8B7CF}.Release|x86.ActiveCfg = Release|Win32
		{D704DF1C-C036-4826-9FC6-65773BD8B7CF}.Release|x86.Build.0 = Release|Win32
		{0DEB1D3A-0A95-4FB2-8163-8F64BDB1C8C2}.Debug|x64.ActiveCfg = Debug|x64
		{0DEB1D3A-0A95-4FB2-8163-8F64BDB1C8C2}.Debug|x64.Build.0 = Debug|x64
		{0DEB1D3A-0A95-4FB2-8163-8F64BDB1C8C2}.Debug|x86.ActiveCfg = Debug|Win32
		{0DEB1D3A-0A95-4FB2-8163-8F64BDB1C8C2}.Debug|x86.Build.0 = Debug|Win32
		{0DEB1D3A-0A95-4FB2-8163-8F64BDB1C8C2}.Release|x64.ActiveCfg = Release|x64
		{0DEB1D3A-0A95-4FB2-8163-8F64BDB1C8C2}.Release|x64.Build.0 = Release|x64
		{0DEB1D3A-0A95-4FB2-8163-8F64BDB1C8C2}.Release|x86.ActiveCfg = Release|Win32
		{0DEB1D3A-0A95-4FB2-8163-8F64BDB1C8C2}.Release|x86.Build.0 = Release|Win32
		{34CD7D47-4AA7-4003-A807-E36030D15641}.Debug|x64.ActiveCfg = Debug|x64
		{34CD7D47-4AA7-4003-A807-E36030D15641}.Debug|x64.Build.0 = Debug|x64
		{34CD7D47-4AA7-4003-A807-E36030D15641}.Debug|x86.ActiveCfg = Debug|Win32
		{34CD7D47-4AA7-4003-A807-E36030D15641}.Debug|x86.Build.0 = Debug|Win32
		{34CD7D47-4AA7-4003-A807-E36030D15641}.Release|x64.ActiveCfg = Release|x64
		{34CD7D47-4AA7-4003-A807-E36030D15641}.Release|x64.Build.0 = Release|x64
		{34CD7D47-4AA7-4003-A807-E36030D15641}.Release|x86.ActiveCfg = Release|Win32
		{34CD7D47-4AA7-4003-A807-E36030D15641}.Release|x86.Build.0 = Release|Win32
		{85DD1DD3-D3EA-4ACA-8AF3-3CD3E3966C78}.Debug|x64.ActiveCfg = Debug|x64
		{85DD1DD3-D3EA-4ACA-8AF3-3CD3E3966C78}.Debug|x64.Build.0 = Debug|x64
		{85DD1DD3-D3EA-4ACA-8AF3-3CD3E3966C78}.Debug|x86.ActiveCfg = Debug|Win32
		{85DD1DD3-D3EA-4ACA-8AF3-3CD3E3966C78}.Debug|x86.Build.0 = Debug|Win32
		{85DD1DD3-D3EA-4ACA-8AF3-3CD3E3966C78}.Release|x64.ActiveCfg = Release|x64
		{85DD1DD3-D3EA-4ACA-8AF3-3CD3E3966C78}.Release|x64.Build.0 = Release|x64
		{85DD1DD3-D3EA-4ACA-8AF3-3CD3E3966C78}.Release|x86.ActiveCfg = Release|Win32
		{85DD1DD3-D3EA-4ACA-8AF3-3CD3E3966C78}.Release|x86.Build.0 = Release|Win32
		{7440EE45-420E-435E-8868-66BB798CF6DA}.Debug|x64.ActiveCfg = Debug|x64
		{7440EE45-420E-435E-8868-66BB798CF6DA}.Debug|x64.Build.0 = Debug|x64
		{7440EE45-420E-435E-8868-66BB798CF6DA}.Debug|x86.ActiveCfg = Debug|Win32
		{7440EE45-420E-435E-8868-66BB798CF6DA}.Debug|x86.Build.0 = Debug|Win32
		{7440EE45-420E-435E-8868-66BB798CF6DA}.Release|x64.ActiveCfg = Release|x64
		{7440EE45-420E-435E-8868-66BB798CF6DA}.Release|x64.Build.0 = Release|x64
		{7440EE45-420E-435E-8868-66BB798CF6DA}.Release|x86.ActiveCfg = Release|Win32
		{7440EE45-420E-435E-8868-66BB798CF6DA}.Release|x86.Build.0 = Release|Win32
		{089C597E-95A6-4587-9951-13D285360A5C}.Debug|x64.ActiveCfg = Debug|x64
		{089C597E-95A6-4587-9951-13D285360A5C}.Debug|x64.Build.0 = Debug|x64
		{089C597E-95A6-4587-9951-13D285360A5C}.Debug|x86.ActiveCfg = Debug|Win32
		{089C597E-95A6-4587-9951-13D285360A5C}.Debug|x86.Build.0 = Debug|Win32
		{089C597E-95A6-4587-9951-13D285360A5C}.Release|x64.ActiveCfg = Release|x64
		{089C597E-95A6-4587-9951-13D285360A5C}.Release|x64.Build.0 = Release|x64
		{089C597E-95A6-4587-9951-13D285360A5C}.Release|x86.ActiveCfg = Release|Win32
		{089C597E-95A6-4587-9951-13D285360A5C}.Release|x86.Build.0 = Release|Win32
		{6D172A05-F3FD-44C6-8BE9-E69257BFC4EF}.Debug|x64.ActiveCfg = Debug|x64
		{6D172A05-F3FD-44C6-8BE9-E69257BFC4EF}.Debug|x64.Build.0 = Debug|x64
		{6D172A05-F3FD-44C6-8BE9-E69257BFC4EF}.Debug|x86.ActiveCfg = Debug|Win32
		{6D172A05-F3FD-44C6-8BE9-E69257BFC4EF}.Debug|x86.Build.0 = Debug|Win32
		{6D172A05-F3FD-44C6-8BE9-E69257BFC4EF}.Release|x64.ActiveCfg = Release|x64
		{6D172A05-F3FD-44C6-8BE9-E69257BFC4EF}.Release|x64.Build.0 = Release|x64
		{6D172A05-F3FD-44C6-8BE9-E69257BFC4EF}.Release|x86.ActiveCfg = Release|Win32
		{6D172A05-F3FD-44C6-8BE9-E69257BFC4EF}.Release|x86.Build.0 = Release|Win32
		{D5F029D7-89B5-40B3-8044-7AE383FE57EA}.Debug|x64.ActiveCfg = Debug|x64
		{D5F029D7-89B5-40B3-8044-7AE383FE57EA}.Debug|x64.Build.0 = Debug|x64
		{D5F029D7-89B5-40B3-8044-7AE383FE57EA}.Debug|x86.ActiveCfg = Debug|Win32
		{D5F029D7-89B5-40B3-8044-7AE383FE57EA}.Debug|x86.Build.0 = Debug|Win32
		{D5F029D7-89B5-40B3-8044-7AE383FE57EA}.Release|x64.ActiveCfg = Release|x64
		{D5F029D7-89B5-40B3-8044-7AE383FE57EA}.Release|x64.Build.0 = Release|x64
		{D5F029D7-89B5-40B3-8044-7AE383FE57EA}.Release|x86.ActiveCfg = Release|Win32
		{D5F029D7-89B5-40B3-8044-7AE383FE57EA}.Release|x86.Build.0 = Release|Win32
		{7B63497B-0EEC-43BB-A602-37DB63706ED5}.Debug|x64.ActiveCfg = Debug|x64
		{7B63497B-0EEC-43BB-A602-37DB63706ED5}.Debug|x64.Build.0 = Debug|x64
		{7B63497B-0EEC-43BB-A602-37DB63706ED5}.Debug|x86.ActiveCfg = Debug|Win32
		{7B63497B-0EEC-43BB-A602-37DB63706ED5}.Debug|x86.Build.0 = Debug|Win32
		{7B63497B-0EEC-43BB-A602-37DB63706ED5}.Release|x64.ActiveCfg = Release|x64
		{7B63497B-0EEC-43BB-A602-37DB63706ED5}.Release|x64.Build.0 = Release|x64
		{7B63497B-0EEC-43BB-A602-37DB63706ED5}.Release|x86.ActiveCfg = Release|Win32
		{7B63497B-0EEC-43BB-A602-37DB63706ED5}.Release|x86.Build.0 = Release|Win32
		{DF43CB91-2986-4173-B41C-21DAC4E7B91D}.Debug|x64.ActiveCfg = Debug|x64
		{DF43CB91-2986-4173-B41C-21DAC4E7B91D}.Debug|x64.Build.0 = Debug|x64
		{DF43CB91-2986-4173-B41C-21DAC4E7B91D}.Debug|x86.ActiveCfg = Debug|Win32
		{DF43CB91-2986-4173-B41C-21DAC4E7B91D}.Debug|x86.Build.0 = Debug|Win32
		{DF43CB91-2986-4173-B41C-21DAC4E7B91D}.Release|x64.ActiveCfg = Release|x64
		{DF43CB91-2986-4173-B41C-21DAC4E7B91D}.Release|x64.Build.0 = Release|x64
		{DF43CB91-2986-4173-B41C-21DAC4E7B91D}.Release|x86.ActiveCfg = Release|Win32
		{DF43CB91-2986-4173-B41C-21DAC4E7B91D}.Release|x86.Build.0 = Release|Win32
		{B49EDA92-DAE2-4FC8-A4D2-E733B0C2FB14}.Debug|x64.ActiveCfg = Debug|x64
		{B49EDA92-DAE2-4FC8-A4D2-E733B0C2FB14}.Debug|x64.Build.0 = Debug|x64
		{B49EDA92-DAE2-4FC8-A4D2-E733B0C2FB14}.Debug|x86.ActiveCfg = Debug|Win32
		{B49EDA92-DAE2-4FC8-A4D2-E733B0C2FB14}.Debug|x86.Build.0 = Debug|Win32
		{B49EDA92-DAE2-4FC8-A4D2-E733B0C2FB14}.Release|x64.ActiveCfg = Release|x64
		{B49EDA92-DAE2-4FC8-A4D2-E733B0C2FB14}.Release|x64.Build.0 = Release|x64
		{B49EDA92-DAE2-4FC8-A4D2-E733B0C2FB14}.Release|x86.ActiveCfg = Release|Win32
		{B49EDA92-DAE2-4FC8-A4D2-E733B0C2FB14}.Release|x86.Build.0 = Release|Win32
		{D25E8503-8089-47A4-B9E5-0904BA3DD186}.Debug|x64.ActiveCfg = Debug|x64
		{D25E8503-8089-47A4-B9E5-0904BA3DD186}.Debug|x64.Build.0 = Debug|x64
		{D25E8503-8089-47A4-B9E5-0904BA3DD186}.Debug|x86.ActiveCfg = Debug|Win32
		{D25E8503-8089-47A4-B9E5-0904BA3DD186}.Debug|x86.Build.0 = Debug|Win32
		{D25E8503-8089-47A4-B9E5-0904BA3DD186}.Release|x64.ActiveCfg = Release|x64
		{D25E8503-8089-47A4-B9E5-0904BA3DD186}.Release|x64.Build.0 = Release|x64
		{D25E8503-8089-47A4-B9E5-0904BA3DD186}.Release|x86.ActiveCfg = Release|Win32
		{D25E8503-8089-47A4-B9E5-0904BA3DD186}.Release|x86.Build.0 = Release|Win32
		{D916B176-FE95-438E-A74D-B01FA461E1E1}.Debug|x64.ActiveCfg = Debug|x64
		{D916B176-FE95-438E-A74D-B01FA461E1E1}.Debug|x64.Build.0 = Debug|x64
		{D916B176-FE95-438E-A74D-B01FA461E1E1}.Debug|x86.ActiveCfg = Debug|Win32
		{D916B176-FE95-438E-A74D-B01FA461E1E1}.Debug|x86.Build.0 = Debug|Win32
		{D916B176-FE95-438E-A74D-B01FA461E1E1}.Release|x64.ActiveCfg = Release|x64
		{D916B176-FE95-438E-A74D-B01FA461E1E1}.Release|x64.Build.0 = Release|x64
		{D916B176-FE95-438E-A74D-B01FA461E1E1}.Release|x86.ActiveCfg = Release|Win32
		{D916B176-FE95-438E-A74D-B01FA461E1E1}.Release|x86.Build.0 = Release|Win32
		{7347C00A-7503-47AF-8488-3F5CBE830B9D}.Debug|x64.ActiveCfg = Debug|x64
		{7347C00A-7503-47AF-8488-3F5CBE830B9D}.Debug|x64.Build.0 = Debug|x64
		{7347C00A-7503-47AF-8488-3F5CBE830B9D}.Debug|x86.ActiveCfg = Debug|Win32
		{7347C00A-7503-47AF-8488-3F5CBE830B9D}.Debug|x86.Build.0 = Debug|Win32
		{7347C00A-7503-47AF-8488-3F5CBE830B9D}.Release|x64.ActiveCfg = Release|x64
		{7347C00A-7503-47AF-8488-3F5CBE830B9D}.Release|x64.Build.0 = Release|x64
		{7347C00A-7503-47AF-8488-3F5CBE830B9D}.Release|x86.ActiveCfg = Release|Win32
		{7347C00A-7503-47AF-8488-3F5CBE830B9D}.Release|x86.Build.0 = Release|Win32
		{A95944F5-EA5F-4907-AAD7-9616A6C1A841}.Debug|x64.ActiveCfg = Debug|x64
		{A95944F5-EA5F-4907-AAD7-9616A6C1A841}.Debug|x64.Build.0 = Debug|x64
		{A95944F5-EA5F-4907-AAD7-9616A6C1A841}.Debug|x86.ActiveCfg = Debug|Win32
		{A95944F5-EA5F-4907-AAD7-9616A6C1A841}.Debug|x86.Build.0 = Debug|Win32
		{A95944F5-EA5F-4907-AAD7-9616A6C1A841}.Release|x64.ActiveCfg = Release|x64
		{A95944F5-EA5F-4907-AAD7-9616A6C1A841}.Release|x64.Build.0 = Release|x64
		{A95944F5-EA5F-4907-AAD7-9616A6C1A841}.Release|x86.ActiveCfg = Release|Win32
		{A95944F5-EA5F-4907-AAD7-9616A6C1A841}.Release|x86.Build.0 = Release|Win32
		{E386027F-1C2E-41B9-B8DF-5F549E6B0EC9}.Debug|x64.ActiveCfg = Debug|x64
		{E386027F-1C2E-41B9-B8DF-5F549E6B0EC9}.Debug|x64.Build.0 = Debug|x64
		{E386027F-1C2E-41B9-B8DF-5F549E6B0EC9}.Debug|x86.ActiveCfg = Debug|Win32
		{E386027F-1C2E-41B9-B8DF-5F549E6B0EC9}.Debug|x86.Build.0 = Debug|Win32
		{E386027F-1C2E-41B9-B8DF-5F549E6B0EC9}.Release|x64.ActiveCfg = Release|x64
		{E386027F-1C2E-41B9-B8DF-5F549E6B0EC9}.Release|x64.Build.0 = Release|x64
		{E386027F-1C2E-41B9-B8DF-5F549E6B0EC9}.Release|x86.ActiveCfg = Release|Win32
		{E386027F-1C2E-41B9-B8DF-5F549E6B0EC9}.Release|x86.Build.0 = Release|Win32
	EndGlobalSection
	GlobalSection(SolutionProperties) = preSolution
		HideSolutionNode = FALSE
	EndGlobalSection
	GlobalSection(ExtensibilityGlobals) = postSolution
		SolutionGuid = {84054615-854D-4DCC-A04D-C94BFDAD95E0}
	EndGlobalSection
EndGlobal
