
Microsoft Visual Studio Solution File, Format Version 12.00
# Visual Studio Version 17
VisualStudioVersion = 17.6.33815.320
MinimumVisualStudioVersion = 10.0.40219.1
Project("{8BC9CEB8-8B4A-11D0-8D11-00A0C91BC942}") = "Project1", "Project1\Project1.vcxproj", "{0B11D3D9-9B3D-45A8-BFB3-09B70A5C5F50}"
EndProject
Project("{8BC9CEB8-8B4A-11D0-8D11-00A0C91BC942}") = "4-2", "4-2\4-2.vcxproj", "{FED3B04F-222D-4C52-B72F-ECFF708D5A9D}"
EndProject
Project("{8BC9CEB8-8B4A-11D0-8D11-00A0C91BC942}") = "4-3", "4-3\4-3.vcxproj", "{48503E45-9664-45A4-99EA-94AB548E876B}"
EndProject
Project("{8BC9CEB8-8B4A-11D0-8D11-00A0C91BC942}") = "4-4", "4-4\4-4.vcxproj", "{BB6D8419-2D4C-45F4-905E-ADB20D31720D}"
EndProject
Project("{8BC9CEB8-8B4A-11D0-8D11-00A0C91BC942}") = "4-5", "4-5\4-5.vcxproj", "{FEFC270B-9E85-408C-B09D-B392F574E0CE}"
EndProject
Project("{8BC9CEB8-8B4A-11D0-8D11-00A0C91BC942}") = "4-6", "4-6\4-6.vcxproj", "{D8AFD067-97EA-4D7B-BAAB-D3567C39FF13}"
EndProject
Project("{8BC9CEB8-8B4A-11D0-8D11-00A0C91BC942}") = "4-7", "4-7\4-7.vcxproj", "{6F45139D-D4EF-4700-89FE-567739CA8B3D}"
EndProject
Project("{8BC9CEB8-8B4A-11D0-8D11-00A0C91BC942}") = "4-8", "4-8\4-8.vcxproj", "{953E7DAC-F0C8-4EA7-AB82-85AF197C1D53}"
EndProject
Project("{8BC9CEB8-8B4A-11D0-8D11-00A0C91BC942}") = "4-9", "4-9\4-9.vcxproj", "{2AFBB40D-77C5-48FB-BACF-1CB6DEB451BE}"
EndProject
Project("{8BC9CEB8-8B4A-11D0-8D11-00A0C91BC942}") = "4-10", "4-10\4-10.vcxproj", "{E084FDBE-245C-4E69-8058-9F3215751913}"
EndProject
Project("{8BC9CEB8-8B4A-11D0-8D11-00A0C91BC942}") = "4-11", "4-11\4-11.vcxproj", "{05726BA0-67FF-4504-BA6B-FE269675848F}"
EndProject
Project("{8BC9CEB8-8B4A-11D0-8D11-00A0C91BC942}") = "4-12", "4-12\4-12.vcxproj", "{A8088362-AD3C-45D2-AB1B-81B579D223D9}"
EndProject
Project("{8BC9CEB8-8B4A-11D0-8D11-00A0C91BC942}") = "4-13", "4-13\4-13.vcxproj", "{E394B906-914C-442D-9622-1C8FEA729835}"
EndProject
Project("{8BC9CEB8-8B4A-11D0-8D11-00A0C91BC942}") = "4-14", "4-14\4-14.vcxproj", "{586927C9-FFDE-4AE5-9ECB-925FC038DDF4}"
EndProject
Project("{8BC9CEB8-8B4A-11D0-8D11-00A0C91BC942}") = "4-15", "4-15\4-15.vcxproj", "{56A229FF-ABAA-4DDC-91F6-C30EC8EDA60B}"
EndProject
Project("{8BC9CEB8-8B4A-11D0-8D11-00A0C91BC942}") = "4-16", "4-16\4-16.vcxproj", "{F20421EB-18F0-40F3-BD7A-E4CA348B6F3F}"
EndProject
Project("{8BC9CEB8-8B4A-11D0-8D11-00A0C91BC942}") = "4-17", "4-17\4-17.vcxproj", "{5F82BF59-A4F3-4392-805C-279BC03CF85E}"
EndProject
Project("{8BC9CEB8-8B4A-11D0-8D11-00A0C91BC942}") = "4-18", "4-18\4-18.vcxproj", "{0CD6314E-E7F3-4F1C-8653-AAEE7A519273}"
EndProject
Project("{8BC9CEB8-8B4A-11D0-8D11-00A0C91BC942}") = "4-19", "4-19\4-19.vcxproj", "{F10A2E4F-99E4-4C79-91EB-408C6A2CD2A8}"
EndProject
Project("{8BC9CEB8-8B4A-11D0-8D11-00A0C91BC942}") = "4-20", "4-20\4-20.vcxproj", "{E1618F0F-FB72-4DBE-9C2B-04E2E7B347FC}"
EndProject
Project("{8BC9CEB8-8B4A-11D0-8D11-00A0C91BC942}") = "4-21", "4-21\4-21.vcxproj", "{1D21DDDA-51AE-44BD-8A9B-3717A3311873}"
EndProject
Project("{8BC9CEB8-8B4A-11D0-8D11-00A0C91BC942}") = "4-22", "4-22\4-22.vcxproj", "{8AD94D3A-F945-46BE-9D57-49C0E9B7D0AA}"
EndProject
Project("{8BC9CEB8-8B4A-11D0-8D11-00A0C91BC942}") = "4-23", "4-23\4-23.vcxproj", "{708BCAE1-6E6F-4A4C-B6D0-A878207B39D6}"
EndProject
Project("{8BC9CEB8-8B4A-11D0-8D11-00A0C91BC942}") = "4-24", "4-24\4-24.vcxproj", "{4A341019-CCB0-4533-BA33-131511340C87}"
EndProject
Project("{8BC9CEB8-8B4A-11D0-8D11-00A0C91BC942}") = "4-25", "4-25\4-25.vcxproj", "{B752FD11-45CD-42F6-88B5-73E6188B0583}"
EndProject
Project("{8BC9CEB8-8B4A-11D0-8D11-00A0C91BC942}") = "4-26", "4-26\4-26.vcxproj", "{73CF5B16-9F3F-40CD-A2ED-701899EAA455}"
EndProject
Project("{8BC9CEB8-8B4A-11D0-8D11-00A0C91BC942}") = "4-27", "4-27\4-27.vcxproj", "{F724F716-7D6F-418F-9A96-A260B45FA24E}"
EndProject
Project("{8BC9CEB8-8B4A-11D0-8D11-00A0C91BC942}") = "4-28", "4-28\4-28.vcxproj", "{B33FC19A-212B-49A7-9130-44F3AEAA4207}"
EndProject
Project("{8BC9CEB8-8B4A-11D0-8D11-00A0C91BC942}") = "4-29", "4-29\4-29.vcxproj", "{EBCE4D88-CED7-45F3-959B-5B844E458BF4}"
EndProject
Project("{8BC9CEB8-8B4A-11D0-8D11-00A0C91BC942}") = "4-30", "4-30\4-30.vcxproj", "{B7B62E95-BF22-4B9E-AF0A-B4D40030B82C}"
EndProject
Project("{8BC9CEB8-8B4A-11D0-8D11-00A0C91BC942}") = "4-31", "4-31\4-31.vcxproj", "{D7F5003B-3434-4698-B09B-D473AF3F7E90}"
EndProject
Project("{8BC9CEB8-8B4A-11D0-8D11-00A0C91BC942}") = "4-32", "4-32\4-32.vcxproj", "{565B693E-291B-405C-847D-9380BF011332}"
EndProject
Project("{8BC9CEB8-8B4A-11D0-8D11-00A0C91BC942}") = "4-33", "4-33\4-33.vcxproj", "{8C74789B-4F7A-4FB5-B8BF-F7948C5A2927}"
EndProject
Project("{8BC9CEB8-8B4A-11D0-8D11-00A0C91BC942}") = "4-34", "4-34\4-34.vcxproj", "{1610D2F3-9D1C-4F0A-800A-17536E9C5307}"
EndProject
Project("{8BC9CEB8-8B4A-11D0-8D11-00A0C91BC942}") = "4-35", "4-35\4-35.vcxproj", "{209BB5ED-9434-43B1-BDCD-01741C4E5CE3}"
EndProject
Global
	GlobalSection(SolutionConfigurationPlatforms) = preSolution
		Debug|x64 = Debug|x64
		Debug|x86 = Debug|x86
		Release|x64 = Release|x64
		Release|x86 = Release|x86
	EndGlobalSection
	GlobalSection(ProjectConfigurationPlatforms) = postSolution
		{0B11D3D9-9B3D-45A8-BFB3-09B70A5C5F50}.Debug|x64.ActiveCfg = Debug|x64
		{0B11D3D9-9B3D-45A8-BFB3-09B70A5C5F50}.Debug|x64.Build.0 = Debug|x64
		{0B11D3D9-9B3D-45A8-BFB3-09B70A5C5F50}.Debug|x86.ActiveCfg = Debug|Win32
		{0B11D3D9-9B3D-45A8-BFB3-09B70A5C5F50}.Debug|x86.Build.0 = Debug|Win32
		{0B11D3D9-9B3D-45A8-BFB3-09B70A5C5F50}.Release|x64.ActiveCfg = Release|x64
		{0B11D3D9-9B3D-45A8-BFB3-09B70A5C5F50}.Release|x64.Build.0 = Release|x64
		{0B11D3D9-9B3D-45A8-BFB3-09B70A5C5F50}.Release|x86.ActiveCfg = Release|Win32
		{0B11D3D9-9B3D-45A8-BFB3-09B70A5C5F50}.Release|x86.Build.0 = Release|Win32
		{FED3B04F-222D-4C52-B72F-ECFF708D5A9D}.Debug|x64.ActiveCfg = Debug|x64
		{FED3B04F-222D-4C52-B72F-ECFF708D5A9D}.Debug|x64.Build.0 = Debug|x64
		{FED3B04F-222D-4C52-B72F-ECFF708D5A9D}.Debug|x86.ActiveCfg = Debug|Win32
		{FED3B04F-222D-4C52-B72F-ECFF708D5A9D}.Debug|x86.Build.0 = Debug|Win32
		{FED3B04F-222D-4C52-B72F-ECFF708D5A9D}.Release|x64.ActiveCfg = Release|x64
		{FED3B04F-222D-4C52-B72F-ECFF708D5A9D}.Release|x64.Build.0 = Release|x64
		{FED3B04F-222D-4C52-B72F-ECFF708D5A9D}.Release|x86.ActiveCfg = Release|Win32
		{FED3B04F-222D-4C52-B72F-ECFF708D5A9D}.Release|x86.Build.0 = Release|Win32
		{48503E45-9664-45A4-99EA-94AB548E876B}.Debug|x64.ActiveCfg = Debug|x64
		{48503E45-9664-45A4-99EA-94AB548E876B}.Debug|x64.Build.0 = Debug|x64
		{48503E45-9664-45A4-99EA-94AB548E876B}.Debug|x86.ActiveCfg = Debug|Win32
		{48503E45-9664-45A4-99EA-94AB548E876B}.Debug|x86.Build.0 = Debug|Win32
		{48503E45-9664-45A4-99EA-94AB548E876B}.Release|x64.ActiveCfg = Release|x64
		{48503E45-9664-45A4-99EA-94AB548E876B}.Release|x64.Build.0 = Release|x64
		{48503E45-9664-45A4-99EA-94AB548E876B}.Release|x86.ActiveCfg = Release|Win32
		{48503E45-9664-45A4-99EA-94AB548E876B}.Release|x86.Build.0 = Release|Win32
		{BB6D8419-2D4C-45F4-905E-ADB20D31720D}.Debug|x64.ActiveCfg = Debug|x64
		{BB6D8419-2D4C-45F4-905E-ADB20D31720D}.Debug|x64.Build.0 = Debug|x64
		{BB6D8419-2D4C-45F4-905E-ADB20D31720D}.Debug|x86.ActiveCfg = Debug|Win32
		{BB6D8419-2D4C-45F4-905E-ADB20D31720D}.Debug|x86.Build.0 = Debug|Win32
		{BB6D8419-2D4C-45F4-905E-ADB20D31720D}.Release|x64.ActiveCfg = Release|x64
		{BB6D8419-2D4C-45F4-905E-ADB20D31720D}.Release|x64.Build.0 = Release|x64
		{BB6D8419-2D4C-45F4-905E-ADB20D31720D}.Release|x86.ActiveCfg = Release|Win32
		{BB6D8419-2D4C-45F4-905E-ADB20D31720D}.Release|x86.Build.0 = Release|Win32
		{FEFC270B-9E85-408C-B09D-B392F574E0CE}.Debug|x64.ActiveCfg = Debug|x64
		{FEFC270B-9E85-408C-B09D-B392F574E0CE}.Debug|x64.Build.0 = Debug|x64
		{FEFC270B-9E85-408C-B09D-B392F574E0CE}.Debug|x86.ActiveCfg = Debug|Win32
		{FEFC270B-9E85-408C-B09D-B392F574E0CE}.Debug|x86.Build.0 = Debug|Win32
		{FEFC270B-9E85-408C-B09D-B392F574E0CE}.Release|x64.ActiveCfg = Release|x64
		{FEFC270B-9E85-408C-B09D-B392F574E0CE}.Release|x64.Build.0 = Release|x64
		{FEFC270B-9E85-408C-B09D-B392F574E0CE}.Release|x86.ActiveCfg = Release|Win32
		{FEFC270B-9E85-408C-B09D-B392F574E0CE}.Release|x86.Build.0 = Release|Win32
		{D8AFD067-97EA-4D7B-BAAB-D3567C39FF13}.Debug|x64.ActiveCfg = Debug|x64
		{D8AFD067-97EA-4D7B-BAAB-D3567C39FF13}.Debug|x64.Build.0 = Debug|x64
		{D8AFD067-97EA-4D7B-BAAB-D3567C39FF13}.Debug|x86.ActiveCfg = Debug|Win32
		{D8AFD067-97EA-4D7B-BAAB-D3567C39FF13}.Debug|x86.Build.0 = Debug|Win32
		{D8AFD067-97EA-4D7B-BAAB-D3567C39FF13}.Release|x64.ActiveCfg = Release|x64
		{D8AFD067-97EA-4D7B-BAAB-D3567C39FF13}.Release|x64.Build.0 = Release|x64
		{D8AFD067-97EA-4D7B-BAAB-D3567C39FF13}.Release|x86.ActiveCfg = Release|Win32
		{D8AFD067-97EA-4D7B-BAAB-D3567C39FF13}.Release|x86.Build.0 = Release|Win32
		{6F45139D-D4EF-4700-89FE-567739CA8B3D}.Debug|x64.ActiveCfg = Debug|x64
		{6F45139D-D4EF-4700-89FE-567739CA8B3D}.Debug|x64.Build.0 = Debug|x64
		{6F45139D-D4EF-4700-89FE-567739CA8B3D}.Debug|x86.ActiveCfg = Debug|Win32
		{6F45139D-D4EF-4700-89FE-567739CA8B3D}.Debug|x86.Build.0 = Debug|Win32
		{6F45139D-D4EF-4700-89FE-567739CA8B3D}.Release|x64.ActiveCfg = Release|x64
		{6F45139D-D4EF-4700-89FE-567739CA8B3D}.Release|x64.Build.0 = Release|x64
		{6F45139D-D4EF-4700-89FE-567739CA8B3D}.Release|x86.ActiveCfg = Release|Win32
		{6F45139D-D4EF-4700-89FE-567739CA8B3D}.Release|x86.Build.0 = Release|Win32
		{953E7DAC-F0C8-4EA7-AB82-85AF197C1D53}.Debug|x64.ActiveCfg = Debug|x64
		{953E7DAC-F0C8-4EA7-AB82-85AF197C1D53}.Debug|x64.Build.0 = Debug|x64
		{953E7DAC-F0C8-4EA7-AB82-85AF197C1D53}.Debug|x86.ActiveCfg = Debug|Win32
		{953E7DAC-F0C8-4EA7-AB82-85AF197C1D53}.Debug|x86.Build.0 = Debug|Win32
		{953E7DAC-F0C8-4EA7-AB82-85AF197C1D53}.Release|x64.ActiveCfg = Release|x64
		{953E7DAC-F0C8-4EA7-AB82-85AF197C1D53}.Release|x64.Build.0 = Release|x64
		{953E7DAC-F0C8-4EA7-AB82-85AF197C1D53}.Release|x86.ActiveCfg = Release|Win32
		{953E7DAC-F0C8-4EA7-AB82-85AF197C1D53}.Release|x86.Build.0 = Release|Win32
		{2AFBB40D-77C5-48FB-BACF-1CB6DEB451BE}.Debug|x64.ActiveCfg = Debug|x64
		{2AFBB40D-77C5-48FB-BACF-1CB6DEB451BE}.Debug|x64.Build.0 = Debug|x64
		{2AFBB40D-77C5-48FB-BACF-1CB6DEB451BE}.Debug|x86.ActiveCfg = Debug|Win32
		{2AFBB40D-77C5-48FB-BACF-1CB6DEB451BE}.Debug|x86.Build.0 = Debug|Win32
		{2AFBB40D-77C5-48FB-BACF-1CB6DEB451BE}.Release|x64.ActiveCfg = Release|x64
		{2AFBB40D-77C5-48FB-BACF-1CB6DEB451BE}.Release|x64.Build.0 = Release|x64
		{2AFBB40D-77C5-48FB-BACF-1CB6DEB451BE}.Release|x86.ActiveCfg = Release|Win32
		{2AFBB40D-77C5-48FB-BACF-1CB6DEB451BE}.Release|x86.Build.0 = Release|Win32
		{E084FDBE-245C-4E69-8058-9F3215751913}.Debug|x64.ActiveCfg = Debug|x64
		{E084FDBE-245C-4E69-8058-9F3215751913}.Debug|x64.Build.0 = Debug|x64
		{E084FDBE-245C-4E69-8058-9F3215751913}.Debug|x86.ActiveCfg = Debug|Win32
		{E084FDBE-245C-4E69-8058-9F3215751913}.Debug|x86.Build.0 = Debug|Win32
		{E084FDBE-245C-4E69-8058-9F3215751913}.Release|x64.ActiveCfg = Release|x64
		{E084FDBE-245C-4E69-8058-9F3215751913}.Release|x64.Build.0 = Release|x64
		{E084FDBE-245C-4E69-8058-9F3215751913}.Release|x86.ActiveCfg = Release|Win32
		{E084FDBE-245C-4E69-8058-9F3215751913}.Release|x86.Build.0 = Release|Win32
		{05726BA0-67FF-4504-BA6B-FE269675848F}.Debug|x64.ActiveCfg = Debug|x64
		{05726BA0-67FF-4504-BA6B-FE269675848F}.Debug|x64.Build.0 = Debug|x64
		{05726BA0-67FF-4504-BA6B-FE269675848F}.Debug|x86.ActiveCfg = Debug|Win32
		{05726BA0-67FF-4504-BA6B-FE269675848F}.Debug|x86.Build.0 = Debug|Win32
		{05726BA0-67FF-4504-BA6B-FE269675848F}.Release|x64.ActiveCfg = Release|x64
		{05726BA0-67FF-4504-BA6B-FE269675848F}.Release|x64.Build.0 = Release|x64
		{05726BA0-67FF-4504-BA6B-FE269675848F}.Release|x86.ActiveCfg = Release|Win32
		{05726BA0-67FF-4504-BA6B-FE269675848F}.Release|x86.Build.0 = Release|Win32
		{A8088362-AD3C-45D2-AB1B-81B579D223D9}.Debug|x64.ActiveCfg = Debug|x64
		{A8088362-AD3C-45D2-AB1B-81B579D223D9}.Debug|x64.Build.0 = Debug|x64
		{A8088362-AD3C-45D2-AB1B-81B579D223D9}.Debug|x86.ActiveCfg = Debug|Win32
		{A8088362-AD3C-45D2-AB1B-81B579D223D9}.Debug|x86.Build.0 = Debug|Win32
		{A8088362-AD3C-45D2-AB1B-81B579D223D9}.Release|x64.ActiveCfg = Release|x64
		{A8088362-AD3C-45D2-AB1B-81B579D223D9}.Release|x64.Build.0 = Release|x64
		{A8088362-AD3C-45D2-AB1B-81B579D223D9}.Release|x86.ActiveCfg = Release|Win32
		{A8088362-AD3C-45D2-AB1B-81B579D223D9}.Release|x86.Build.0 = Release|Win32
		{E394B906-914C-442D-9622-1C8FEA729835}.Debug|x64.ActiveCfg = Debug|x64
		{E394B906-914C-442D-9622-1C8FEA729835}.Debug|x64.Build.0 = Debug|x64
		{E394B906-914C-442D-9622-1C8FEA729835}.Debug|x86.ActiveCfg = Debug|Win32
		{E394B906-914C-442D-9622-1C8FEA729835}.Debug|x86.Build.0 = Debug|Win32
		{E394B906-914C-442D-9622-1C8FEA729835}.Release|x64.ActiveCfg = Release|x64
		{E394B906-914C-442D-9622-1C8FEA729835}.Release|x64.Build.0 = Release|x64
		{E394B906-914C-442D-9622-1C8FEA729835}.Release|x86.ActiveCfg = Release|Win32
		{E394B906-914C-442D-9622-1C8FEA729835}.Release|x86.Build.0 = Release|Win32
		{586927C9-FFDE-4AE5-9ECB-925FC038DDF4}.Debug|x64.ActiveCfg = Debug|x64
		{586927C9-FFDE-4AE5-9ECB-925FC038DDF4}.Debug|x64.Build.0 = Debug|x64
		{586927C9-FFDE-4AE5-9ECB-925FC038DDF4}.Debug|x86.ActiveCfg = Debug|Win32
		{586927C9-FFDE-4AE5-9ECB-925FC038DDF4}.Debug|x86.Build.0 = Debug|Win32
		{586927C9-FFDE-4AE5-9ECB-925FC038DDF4}.Release|x64.ActiveCfg = Release|x64
		{586927C9-FFDE-4AE5-9ECB-925FC038DDF4}.Release|x64.Build.0 = Release|x64
		{586927C9-FFDE-4AE5-9ECB-925FC038DDF4}.Release|x86.ActiveCfg = Release|Win32
		{586927C9-FFDE-4AE5-9ECB-925FC038DDF4}.Release|x86.Build.0 = Release|Win32
		{56A229FF-ABAA-4DDC-91F6-C30EC8EDA60B}.Debug|x64.ActiveCfg = Debug|x64
		{56A229FF-ABAA-4DDC-91F6-C30EC8EDA60B}.Debug|x64.Build.0 = Debug|x64
		{56A229FF-ABAA-4DDC-91F6-C30EC8EDA60B}.Debug|x86.ActiveCfg = Debug|Win32
		{56A229FF-ABAA-4DDC-91F6-C30EC8EDA60B}.Debug|x86.Build.0 = Debug|Win32
		{56A229FF-ABAA-4DDC-91F6-C30EC8EDA60B}.Release|x64.ActiveCfg = Release|x64
		{56A229FF-ABAA-4DDC-91F6-C30EC8EDA60B}.Release|x64.Build.0 = Release|x64
		{56A229FF-ABAA-4DDC-91F6-C30EC8EDA60B}.Release|x86.ActiveCfg = Release|Win32
		{56A229FF-ABAA-4DDC-91F6-C30EC8EDA60B}.Release|x86.Build.0 = Release|Win32
		{F20421EB-18F0-40F3-BD7A-E4CA348B6F3F}.Debug|x64.ActiveCfg = Debug|x64
		{F20421EB-18F0-40F3-BD7A-E4CA348B6F3F}.Debug|x64.Build.0 = Debug|x64
		{F20421EB-18F0-40F3-BD7A-E4CA348B6F3F}.Debug|x86.ActiveCfg = Debug|Win32
		{F20421EB-18F0-40F3-BD7A-E4CA348B6F3F}.Debug|x86.Build.0 = Debug|Win32
		{F20421EB-18F0-40F3-BD7A-E4CA348B6F3F}.Release|x64.ActiveCfg = Release|x64
		{F20421EB-18F0-40F3-BD7A-E4CA348B6F3F}.Release|x64.Build.0 = Release|x64
		{F20421EB-18F0-40F3-BD7A-E4CA348B6F3F}.Release|x86.ActiveCfg = Release|Win32
		{F20421EB-18F0-40F3-BD7A-E4CA348B6F3F}.Release|x86.Build.0 = Release|Win32
		{5F82BF59-A4F3-4392-805C-279BC03CF85E}.Debug|x64.ActiveCfg = Debug|x64
		{5F82BF59-A4F3-4392-805C-279BC03CF85E}.Debug|x64.Build.0 = Debug|x64
		{5F82BF59-A4F3-4392-805C-279BC03CF85E}.Debug|x86.ActiveCfg = Debug|Win32
		{5F82BF59-A4F3-4392-805C-279BC03CF85E}.Debug|x86.Build.0 = Debug|Win32
		{5F82BF59-A4F3-4392-805C-279BC03CF85E}.Release|x64.ActiveCfg = Release|x64
		{5F82BF59-A4F3-4392-805C-279BC03CF85E}.Release|x64.Build.0 = Release|x64
		{5F82BF59-A4F3-4392-805C-279BC03CF85E}.Release|x86.ActiveCfg = Release|Win32
		{5F82BF59-A4F3-4392-805C-279BC03CF85E}.Release|x86.Build.0 = Release|Win32
		{0CD6314E-E7F3-4F1C-8653-AAEE7A519273}.Debug|x64.ActiveCfg = Debug|x64
		{0CD6314E-E7F3-4F1C-8653-AAEE7A519273}.Debug|x64.Build.0 = Debug|x64
		{0CD6314E-E7F3-4F1C-8653-AAEE7A519273}.Debug|x86.ActiveCfg = Debug|Win32
		{0CD6314E-E7F3-4F1C-8653-AAEE7A519273}.Debug|x86.Build.0 = Debug|Win32
		{0CD6314E-E7F3-4F1C-8653-AAEE7A519273}.Release|x64.ActiveCfg = Release|x64
		{0CD6314E-E7F3-4F1C-8653-AAEE7A519273}.Release|x64.Build.0 = Release|x64
		{0CD6314E-E7F3-4F1C-8653-AAEE7A519273}.Release|x86.ActiveCfg = Release|Win32
		{0CD6314E-E7F3-4F1C-8653-AAEE7A519273}.Release|x86.Build.0 = Release|Win32
		{F10A2E4F-99E4-4C79-91EB-408C6A2CD2A8}.Debug|x64.ActiveCfg = Debug|x64
		{F10A2E4F-99E4-4C79-91EB-408C6A2CD2A8}.Debug|x64.Build.0 = Debug|x64
		{F10A2E4F-99E4-4C79-91EB-408C6A2CD2A8}.Debug|x86.ActiveCfg = Debug|Win32
		{F10A2E4F-99E4-4C79-91EB-408C6A2CD2A8}.Debug|x86.Build.0 = Debug|Win32
		{F10A2E4F-99E4-4C79-91EB-408C6A2CD2A8}.Release|x64.ActiveCfg = Release|x64
		{F10A2E4F-99E4-4C79-91EB-408C6A2CD2A8}.Release|x64.Build.0 = Release|x64
		{F10A2E4F-99E4-4C79-91EB-408C6A2CD2A8}.Release|x86.ActiveCfg = Release|Win32
		{F10A2E4F-99E4-4C79-91EB-408C6A2CD2A8}.Release|x86.Build.0 = Release|Win32
		{E1618F0F-FB72-4DBE-9C2B-04E2E7B347FC}.Debug|x64.ActiveCfg = Debug|x64
		{E1618F0F-FB72-4DBE-9C2B-04E2E7B347FC}.Debug|x64.Build.0 = Debug|x64
		{E1618F0F-FB72-4DBE-9C2B-04E2E7B347FC}.Debug|x86.ActiveCfg = Debug|Win32
		{E1618F0F-FB72-4DBE-9C2B-04E2E7B347FC}.Debug|x86.Build.0 = Debug|Win32
		{E1618F0F-FB72-4DBE-9C2B-04E2E7B347FC}.Release|x64.ActiveCfg = Release|x64
		{E1618F0F-FB72-4DBE-9C2B-04E2E7B347FC}.Release|x64.Build.0 = Release|x64
		{E1618F0F-FB72-4DBE-9C2B-04E2E7B347FC}.Release|x86.ActiveCfg = Release|Win32
		{E1618F0F-FB72-4DBE-9C2B-04E2E7B347FC}.Release|x86.Build.0 = Release|Win32
		{1D21DDDA-51AE-44BD-8A9B-3717A3311873}.Debug|x64.ActiveCfg = Debug|x64
		{1D21DDDA-51AE-44BD-8A9B-3717A3311873}.Debug|x64.Build.0 = Debug|x64
		{1D21DDDA-51AE-44BD-8A9B-3717A3311873}.Debug|x86.ActiveCfg = Debug|Win32
		{1D21DDDA-51AE-44BD-8A9B-3717A3311873}.Debug|x86.Build.0 = Debug|Win32
		{1D21DDDA-51AE-44BD-8A9B-3717A3311873}.Release|x64.ActiveCfg = Release|x64
		{1D21DDDA-51AE-44BD-8A9B-3717A3311873}.Release|x64.Build.0 = Release|x64
		{1D21DDDA-51AE-44BD-8A9B-3717A3311873}.Release|x86.ActiveCfg = Release|Win32
		{1D21DDDA-51AE-44BD-8A9B-3717A3311873}.Release|x86.Build.0 = Release|Win32
		{8AD94D3A-F945-46BE-9D57-49C0E9B7D0AA}.Debug|x64.ActiveCfg = Debug|x64
		{8AD94D3A-F945-46BE-9D57-49C0E9B7D0AA}.Debug|x64.Build.0 = Debug|x64
		{8AD94D3A-F945-46BE-9D57-49C0E9B7D0AA}.Debug|x86.ActiveCfg = Debug|Win32
		{8AD94D3A-F945-46BE-9D57-49C0E9B7D0AA}.Debug|x86.Build.0 = Debug|Win32
		{8AD94D3A-F945-46BE-9D57-49C0E9B7D0AA}.Release|x64.ActiveCfg = Release|x64
		{8AD94D3A-F945-46BE-9D57-49C0E9B7D0AA}.Release|x64.Build.0 = Release|x64
		{8AD94D3A-F945-46BE-9D57-49C0E9B7D0AA}.Release|x86.ActiveCfg = Release|Win32
		{8AD94D3A-F945-46BE-9D57-49C0E9B7D0AA}.Release|x86.Build.0 = Release|Win32
		{708BCAE1-6E6F-4A4C-B6D0-A878207B39D6}.Debug|x64.ActiveCfg = Debug|x64
		{708BCAE1-6E6F-4A4C-B6D0-A878207B39D6}.Debug|x64.Build.0 = Debug|x64
		{708BCAE1-6E6F-4A4C-B6D0-A878207B39D6}.Debug|x86.ActiveCfg = Debug|Win32
		{708BCAE1-6E6F-4A4C-B6D0-A878207B39D6}.Debug|x86.Build.0 = Debug|Win32
		{708BCAE1-6E6F-4A4C-B6D0-A878207B39D6}.Release|x64.ActiveCfg = Release|x64
		{708BCAE1-6E6F-4A4C-B6D0-A878207B39D6}.Release|x64.Build.0 = Release|x64
		{708BCAE1-6E6F-4A4C-B6D0-A878207B39D6}.Release|x86.ActiveCfg = Release|Win32
		{708BCAE1-6E6F-4A4C-B6D0-A878207B39D6}.Release|x86.Build.0 = Release|Win32
		{4A341019-CCB0-4533-BA33-131511340C87}.Debug|x64.ActiveCfg = Debug|x64
		{4A341019-CCB0-4533-BA33-131511340C87}.Debug|x64.Build.0 = Debug|x64
		{4A341019-CCB0-4533-BA33-131511340C87}.Debug|x86.ActiveCfg = Debug|Win32
		{4A341019-CCB0-4533-BA33-131511340C87}.Debug|x86.Build.0 = Debug|Win32
		{4A341019-CCB0-4533-BA33-131511340C87}.Release|x64.ActiveCfg = Release|x64
		{4A341019-CCB0-4533-BA33-131511340C87}.Release|x64.Build.0 = Release|x64
		{4A341019-CCB0-4533-BA33-131511340C87}.Release|x86.ActiveCfg = Release|Win32
		{4A341019-CCB0-4533-BA33-131511340C87}.Release|x86.Build.0 = Release|Win32
		{B752FD11-45CD-42F6-88B5-73E6188B0583}.Debug|x64.ActiveCfg = Debug|x64
		{B752FD11-45CD-42F6-88B5-73E6188B0583}.Debug|x64.Build.0 = Debug|x64
		{B752FD11-45CD-42F6-88B5-73E6188B0583}.Debug|x86.ActiveCfg = Debug|Win32
		{B752FD11-45CD-42F6-88B5-73E6188B0583}.Debug|x86.Build.0 = Debug|Win32
		{B752FD11-45CD-42F6-88B5-73E6188B0583}.Release|x64.ActiveCfg = Release|x64
		{B752FD11-45CD-42F6-88B5-73E6188B0583}.Release|x64.Build.0 = Release|x64
		{B752FD11-45CD-42F6-88B5-73E6188B0583}.Release|x86.ActiveCfg = Release|Win32
		{B752FD11-45CD-42F6-88B5-73E6188B0583}.Release|x86.Build.0 = Release|Win32
		{73CF5B16-9F3F-40CD-A2ED-701899EAA455}.Debug|x64.ActiveCfg = Debug|x64
		{73CF5B16-9F3F-40CD-A2ED-701899EAA455}.Debug|x64.Build.0 = Debug|x64
		{73CF5B16-9F3F-40CD-A2ED-701899EAA455}.Debug|x86.ActiveCfg = Debug|Win32
		{73CF5B16-9F3F-40CD-A2ED-701899EAA455}.Debug|x86.Build.0 = Debug|Win32
		{73CF5B16-9F3F-40CD-A2ED-701899EAA455}.Release|x64.ActiveCfg = Release|x64
		{73CF5B16-9F3F-40CD-A2ED-701899EAA455}.Release|x64.Build.0 = Release|x64
		{73CF5B16-9F3F-40CD-A2ED-701899EAA455}.Release|x86.ActiveCfg = Release|Win32
		{73CF5B16-9F3F-40CD-A2ED-701899EAA455}.Release|x86.Build.0 = Release|Win32
		{F724F716-7D6F-418F-9A96-A260B45FA24E}.Debug|x64.ActiveCfg = Debug|x64
		{F724F716-7D6F-418F-9A96-A260B45FA24E}.Debug|x64.Build.0 = Debug|x64
		{F724F716-7D6F-418F-9A96-A260B45FA24E}.Debug|x86.ActiveCfg = Debug|Win32
		{F724F716-7D6F-418F-9A96-A260B45FA24E}.Debug|x86.Build.0 = Debug|Win32
		{F724F716-7D6F-418F-9A96-A260B45FA24E}.Release|x64.ActiveCfg = Release|x64
		{F724F716-7D6F-418F-9A96-A260B45FA24E}.Release|x64.Build.0 = Release|x64
		{F724F716-7D6F-418F-9A96-A260B45FA24E}.Release|x86.ActiveCfg = Release|Win32
		{F724F716-7D6F-418F-9A96-A260B45FA24E}.Release|x86.Build.0 = Release|Win32
		{B33FC19A-212B-49A7-9130-44F3AEAA4207}.Debug|x64.ActiveCfg = Debug|x64
		{B33FC19A-212B-49A7-9130-44F3AEAA4207}.Debug|x64.Build.0 = Debug|x64
		{B33FC19A-212B-49A7-9130-44F3AEAA4207}.Debug|x86.ActiveCfg = Debug|Win32
		{B33FC19A-212B-49A7-9130-44F3AEAA4207}.Debug|x86.Build.0 = Debug|Win32
		{B33FC19A-212B-49A7-9130-44F3AEAA4207}.Release|x64.ActiveCfg = Release|x64
		{B33FC19A-212B-49A7-9130-44F3AEAA4207}.Release|x64.Build.0 = Release|x64
		{B33FC19A-212B-49A7-9130-44F3AEAA4207}.Release|x86.ActiveCfg = Release|Win32
		{B33FC19A-212B-49A7-9130-44F3AEAA4207}.Release|x86.Build.0 = Release|Win32
		{EBCE4D88-CED7-45F3-959B-5B844E458BF4}.Debug|x64.ActiveCfg = Debug|x64
		{EBCE4D88-CED7-45F3-959B-5B844E458BF4}.Debug|x64.Build.0 = Debug|x64
		{EBCE4D88-CED7-45F3-959B-5B844E458BF4}.Debug|x86.ActiveCfg = Debug|Win32
		{EBCE4D88-CED7-45F3-959B-5B844E458BF4}.Debug|x86.Build.0 = Debug|Win32
		{EBCE4D88-CED7-45F3-959B-5B844E458BF4}.Release|x64.ActiveCfg = Release|x64
		{EBCE4D88-CED7-45F3-959B-5B844E458BF4}.Release|x64.Build.0 = Release|x64
		{EBCE4D88-CED7-45F3-959B-5B844E458BF4}.Release|x86.ActiveCfg = Release|Win32
		{EBCE4D88-CED7-45F3-959B-5B844E458BF4}.Release|x86.Build.0 = Release|Win32
		{B7B62E95-BF22-4B9E-AF0A-B4D40030B82C}.Debug|x64.ActiveCfg = Debug|x64
		{B7B62E95-BF22-4B9E-AF0A-B4D40030B82C}.Debug|x64.Build.0 = Debug|x64
		{B7B62E95-BF22-4B9E-AF0A-B4D40030B82C}.Debug|x86.ActiveCfg = Debug|Win32
		{B7B62E95-BF22-4B9E-AF0A-B4D40030B82C}.Debug|x86.Build.0 = Debug|Win32
		{B7B62E95-BF22-4B9E-AF0A-B4D40030B82C}.Release|x64.ActiveCfg = Release|x64
		{B7B62E95-BF22-4B9E-AF0A-B4D40030B82C}.Release|x64.Build.0 = Release|x64
		{B7B62E95-BF22-4B9E-AF0A-B4D40030B82C}.Release|x86.ActiveCfg = Release|Win32
		{B7B62E95-BF22-4B9E-AF0A-B4D40030B82C}.Release|x86.Build.0 = Release|Win32
		{D7F5003B-3434-4698-B09B-D473AF3F7E90}.Debug|x64.ActiveCfg = Debug|x64
		{D7F5003B-3434-4698-B09B-D473AF3F7E90}.Debug|x64.Build.0 = Debug|x64
		{D7F5003B-3434-4698-B09B-D473AF3F7E90}.Debug|x86.ActiveCfg = Debug|Win32
		{D7F5003B-3434-4698-B09B-D473AF3F7E90}.Debug|x86.Build.0 = Debug|Win32
		{D7F5003B-3434-4698-B09B-D473AF3F7E90}.Release|x64.ActiveCfg = Release|x64
		{D7F5003B-3434-4698-B09B-D473AF3F7E90}.Release|x64.Build.0 = Release|x64
		{D7F5003B-3434-4698-B09B-D473AF3F7E90}.Release|x86.ActiveCfg = Release|Win32
		{D7F5003B-3434-4698-B09B-D473AF3F7E90}.Release|x86.Build.0 = Release|Win32
		{565B693E-291B-405C-847D-9380BF011332}.Debug|x64.ActiveCfg = Debug|x64
		{565B693E-291B-405C-847D-9380BF011332}.Debug|x64.Build.0 = Debug|x64
		{565B693E-291B-405C-847D-9380BF011332}.Debug|x86.ActiveCfg = Debug|Win32
		{565B693E-291B-405C-847D-9380BF011332}.Debug|x86.Build.0 = Debug|Win32
		{565B693E-291B-405C-847D-9380BF011332}.Release|x64.ActiveCfg = Release|x64
		{565B693E-291B-405C-847D-9380BF011332}.Release|x64.Build.0 = Release|x64
		{565B693E-291B-405C-847D-9380BF011332}.Release|x86.ActiveCfg = Release|Win32
		{565B693E-291B-405C-847D-9380BF011332}.Release|x86.Build.0 = Release|Win32
		{8C74789B-4F7A-4FB5-B8BF-F7948C5A2927}.Debug|x64.ActiveCfg = Debug|x64
		{8C74789B-4F7A-4FB5-B8BF-F7948C5A2927}.Debug|x64.Build.0 = Debug|x64
		{8C74789B-4F7A-4FB5-B8BF-F7948C5A2927}.Debug|x86.ActiveCfg = Debug|Win32
		{8C74789B-4F7A-4FB5-B8BF-F7948C5A2927}.Debug|x86.Build.0 = Debug|Win32
		{8C74789B-4F7A-4FB5-B8BF-F7948C5A2927}.Release|x64.ActiveCfg = Release|x64
		{8C74789B-4F7A-4FB5-B8BF-F7948C5A2927}.Release|x64.Build.0 = Release|x64
		{8C74789B-4F7A-4FB5-B8BF-F7948C5A2927}.Release|x86.ActiveCfg = Release|Win32
		{8C74789B-4F7A-4FB5-B8BF-F7948C5A2927}.Release|x86.Build.0 = Release|Win32
		{1610D2F3-9D1C-4F0A-800A-17536E9C5307}.Debug|x64.ActiveCfg = Debug|x64
		{1610D2F3-9D1C-4F0A-800A-17536E9C5307}.Debug|x64.Build.0 = Debug|x64
		{1610D2F3-9D1C-4F0A-800A-17536E9C5307}.Debug|x86.ActiveCfg = Debug|Win32
		{1610D2F3-9D1C-4F0A-800A-17536E9C5307}.Debug|x86.Build.0 = Debug|Win32
		{1610D2F3-9D1C-4F0A-800A-17536E9C5307}.Release|x64.ActiveCfg = Release|x64
		{1610D2F3-9D1C-4F0A-800A-17536E9C5307}.Release|x64.Build.0 = Release|x64
		{1610D2F3-9D1C-4F0A-800A-17536E9C5307}.Release|x86.ActiveCfg = Release|Win32
		{1610D2F3-9D1C-4F0A-800A-17536E9C5307}.Release|x86.Build.0 = Release|Win32
		{209BB5ED-9434-43B1-BDCD-01741C4E5CE3}.Debug|x64.ActiveCfg = Debug|x64
		{209BB5ED-9434-43B1-BDCD-01741C4E5CE3}.Debug|x64.Build.0 = Debug|x64
		{209BB5ED-9434-43B1-BDCD-01741C4E5CE3}.Debug|x86.ActiveCfg = Debug|Win32
		{209BB5ED-9434-43B1-BDCD-01741C4E5CE3}.Debug|x86.Build.0 = Debug|Win32
		{209BB5ED-9434-43B1-BDCD-01741C4E5CE3}.Release|x64.ActiveCfg = Release|x64
		{209BB5ED-9434-43B1-BDCD-01741C4E5CE3}.Release|x64.Build.0 = Release|x64
		{209BB5ED-9434-43B1-BDCD-01741C4E5CE3}.Release|x86.ActiveCfg = Release|Win32
		{209BB5ED-9434-43B1-BDCD-01741C4E5CE3}.Release|x86.Build.0 = Release|Win32
	EndGlobalSection
	GlobalSection(SolutionProperties) = preSolution
		HideSolutionNode = FALSE
	EndGlobalSection
	GlobalSection(ExtensibilityGlobals) = postSolution
		SolutionGuid = {0303F1C0-CF7F-467D-9A93-56C8D893A717}
	EndGlobalSection
EndGlobal
