
Microsoft Visual Studio Solution File, Format Version 12.00
# Visual Studio Version 17
VisualStudioVersion = 17.6.33815.320
MinimumVisualStudioVersion = 10.0.40219.1
Project("{8BC9CEB8-8B4A-11D0-8D11-00A0C91BC942}") = "1-1", "1-1\1-1.vcxproj", "{6328C19E-9F8B-47AA-91F2-F9294BB4F26E}"
EndProject
Project("{8BC9CEB8-8B4A-11D0-8D11-00A0C91BC942}") = "1-2", "1-2\1-2.vcxproj", "{DB517626-2A9B-4493-A24E-8BC2E0E2F25E}"
EndProject
Project("{8BC9CEB8-8B4A-11D0-8D11-00A0C91BC942}") = "1-3", "1-3\1-3.vcxproj", "{3F407A39-5603-49E7-9172-C3FF2E743FCA}"
EndProject
Project("{8BC9CEB8-8B4A-11D0-8D11-00A0C91BC942}") = "1-4", "1-4\1-4.vcxproj", "{4E9084DC-B1B2-49DC-9FF1-A875911C16B7}"
EndProject
Project("{8BC9CEB8-8B4A-11D0-8D11-00A0C91BC942}") = "1-5", "1-5\1-5.vcxproj", "{D354D80E-8929-4AA7-9B98-740A38A4794D}"
EndProject
Project("{8BC9CEB8-8B4A-11D0-8D11-00A0C91BC942}") = "1-6", "1-6\1-6.vcxproj", "{9A0B0226-AFF5-4611-8635-000D8624509F}"
EndProject
Project("{8BC9CEB8-8B4A-11D0-8D11-00A0C91BC942}") = "1-7", "1-7\1-7.vcxproj", "{1ACD427C-DDA6-425A-9E97-FA6F563CE98B}"
EndProject
Project("{8BC9CEB8-8B4A-11D0-8D11-00A0C91BC942}") = "1-8", "1-8\1-8.vcxproj", "{5E3EFE97-6392-433D-B3AD-605D402E66FD}"
EndProject
Project("{8BC9CEB8-8B4A-11D0-8D11-00A0C91BC942}") = "1-9", "1-9\1-9.vcxproj", "{64AC8C43-2DEB-4D1E-8919-97F35D0E7FFD}"
EndProject
Project("{8BC9CEB8-8B4A-11D0-8D11-00A0C91BC942}") = "1-10", "1-10\1-10.vcxproj", "{2B686695-7939-4A87-A7F8-2013D09135ED}"
EndProject
Project("{8BC9CEB8-8B4A-11D0-8D11-00A0C91BC942}") = "1-11", "1-11\1-11.vcxproj", "{6FAD3B11-6982-45E2-B81F-3C414744D7CB}"
EndProject
Project("{8BC9CEB8-8B4A-11D0-8D11-00A0C91BC942}") = "1-12", "1-12\1-12.vcxproj", "{94FE75E9-EA95-4511-AE3F-708D9E44179F}"
EndProject
Project("{8BC9CEB8-8B4A-11D0-8D11-00A0C91BC942}") = "1-13", "1-13\1-13.vcxproj", "{343C62C7-3B7F-4DD7-BD3E-B66D1CBB4972}"
EndProject
Project("{8BC9CEB8-8B4A-11D0-8D11-00A0C91BC942}") = "1-14", "1-14\1-14.vcxproj", "{CB907FD1-2C4E-4B03-A839-52EA8F877CF9}"
EndProject
Project("{8BC9CEB8-8B4A-11D0-8D11-00A0C91BC942}") = "1-15", "1-15\1-15.vcxproj", "{C3511799-923B-4A1E-B171-4F33CF2DF997}"
EndProject
Project("{8BC9CEB8-8B4A-11D0-8D11-00A0C91BC942}") = "1-16", "1-16\1-16.vcxproj", "{B3AAC993-5429-4913-B0C5-D2CAAD247C81}"
EndProject
Project("{8BC9CEB8-8B4A-11D0-8D11-00A0C91BC942}") = "1-17", "1-17\1-17.vcxproj", "{0A1331BC-501C-4A00-8495-8C3D87ED11AD}"
EndProject
Project("{8BC9CEB8-8B4A-11D0-8D11-00A0C91BC942}") = "1-18", "1-18\1-18.vcxproj", "{652065B5-3734-440E-BD5B-B595A27C5482}"
EndProject
Project("{8BC9CEB8-8B4A-11D0-8D11-00A0C91BC942}") = "1-19", "1-19\1-19.vcxproj", "{954DC6D8-276D-464A-BC08-CC6F49BBAD1F}"
EndProject
Project("{8BC9CEB8-8B4A-11D0-8D11-00A0C91BC942}") = "1-20", "1-20\1-20.vcxproj", "{565DE7CA-C9E5-4C56-98AE-997E7C9CA1AB}"
EndProject
Project("{8BC9CEB8-8B4A-11D0-8D11-00A0C91BC942}") = "1-21", "1-21\1-21.vcxproj", "{623E1382-AE3E-4B9C-9765-953295F2C944}"
EndProject
Project("{8BC9CEB8-8B4A-11D0-8D11-00A0C91BC942}") = "1-22", "1-22\1-22.vcxproj", "{D55BE307-85C6-4579-AC7C-2CD222198232}"
EndProject
Project("{8BC9CEB8-8B4A-11D0-8D11-00A0C91BC942}") = "1-22-ps", "1-22-ps\1-22-ps.vcxproj", "{753E690B-E42C-410F-83A5-0212AEAF9F56}"
EndProject
Project("{8BC9CEB8-8B4A-11D0-8D11-00A0C91BC942}") = "1-23", "1-23\1-23.vcxproj", "{D3A26F5C-F1BE-4833-8686-D56D5B46AA8E}"
EndProject
Project("{8BC9CEB8-8B4A-11D0-8D11-00A0C91BC942}") = "1-24", "1-24\1-24.vcxproj", "{5CC0D6F6-8A86-4755-AD85-21D9CE9DCFBB}"
EndProject
Project("{8BC9CEB8-8B4A-11D0-8D11-00A0C91BC942}") = "1-25", "1-25\1-25.vcxproj", "{A531AB32-B155-4573-8551-6B41D05A17B5}"
EndProject
Project("{8BC9CEB8-8B4A-11D0-8D11-00A0C91BC942}") = "1-26", "1-26\1-26.vcxproj", "{F0E6A1F9-7773-4A29-9A22-2106370C569A}"
EndProject
Project("{8BC9CEB8-8B4A-11D0-8D11-00A0C91BC942}") = "1-29", "1-29\1-29.vcxproj", "{C7596619-99BE-441E-B156-1FAD99750B17}"
EndProject
Global
	GlobalSection(SolutionConfigurationPlatforms) = preSolution
		Debug|x64 = Debug|x64
		Debug|x86 = Debug|x86
		Release|x64 = Release|x64
		Release|x86 = Release|x86
	EndGlobalSection
	GlobalSection(ProjectConfigurationPlatforms) = postSolution
		{6328C19E-9F8B-47AA-91F2-F9294BB4F26E}.Debug|x64.ActiveCfg = Debug|x64
		{6328C19E-9F8B-47AA-91F2-F9294BB4F26E}.Debug|x64.Build.0 = Debug|x64
		{6328C19E-9F8B-47AA-91F2-F9294BB4F26E}.Debug|x86.ActiveCfg = Debug|Win32
		{6328C19E-9F8B-47AA-91F2-F9294BB4F26E}.Debug|x86.Build.0 = Debug|Win32
		{6328C19E-9F8B-47AA-91F2-F9294BB4F26E}.Release|x64.ActiveCfg = Release|x64
		{6328C19E-9F8B-47AA-91F2-F9294BB4F26E}.Release|x64.Build.0 = Release|x64
		{6328C19E-9F8B-47AA-91F2-F9294BB4F26E}.Release|x86.ActiveCfg = Release|Win32
		{6328C19E-9F8B-47AA-91F2-F9294BB4F26E}.Release|x86.Build.0 = Release|Win32
		{DB517626-2A9B-4493-A24E-8BC2E0E2F25E}.Debug|x64.ActiveCfg = Debug|x64
		{DB517626-2A9B-4493-A24E-8BC2E0E2F25E}.Debug|x64.Build.0 = Debug|x64
		{DB517626-2A9B-4493-A24E-8BC2E0E2F25E}.Debug|x86.ActiveCfg = Debug|Win32
		{DB517626-2A9B-4493-A24E-8BC2E0E2F25E}.Debug|x86.Build.0 = Debug|Win32
		{DB517626-2A9B-4493-A24E-8BC2E0E2F25E}.Release|x64.ActiveCfg = Release|x64
		{DB517626-2A9B-4493-A24E-8BC2E0E2F25E}.Release|x64.Build.0 = Release|x64
		{DB517626-2A9B-4493-A24E-8BC2E0E2F25E}.Release|x86.ActiveCfg = Release|Win32
		{DB517626-2A9B-4493-A24E-8BC2E0E2F25E}.Release|x86.Build.0 = Release|Win32
		{3F407A39-5603-49E7-9172-C3FF2E743FCA}.Debug|x64.ActiveCfg = Debug|x64
		{3F407A39-5603-49E7-9172-C3FF2E743FCA}.Debug|x64.Build.0 = Debug|x64
		{3F407A39-5603-49E7-9172-C3FF2E743FCA}.Debug|x86.ActiveCfg = Debug|Win32
		{3F407A39-5603-49E7-9172-C3FF2E743FCA}.Debug|x86.Build.0 = Debug|Win32
		{3F407A39-5603-49E7-9172-C3FF2E743FCA}.Release|x64.ActiveCfg = Release|x64
		{3F407A39-5603-49E7-9172-C3FF2E743FCA}.Release|x64.Build.0 = Release|x64
		{3F407A39-5603-49E7-9172-C3FF2E743FCA}.Release|x86.ActiveCfg = Release|Win32
		{3F407A39-5603-49E7-9172-C3FF2E743FCA}.Release|x86.Build.0 = Release|Win32
		{4E9084DC-B1B2-49DC-9FF1-A875911C16B7}.Debug|x64.ActiveCfg = Debug|x64
		{4E9084DC-B1B2-49DC-9FF1-A875911C16B7}.Debug|x64.Build.0 = Debug|x64
		{4E9084DC-B1B2-49DC-9FF1-A875911C16B7}.Debug|x86.ActiveCfg = Debug|Win32
		{4E9084DC-B1B2-49DC-9FF1-A875911C16B7}.Debug|x86.Build.0 = Debug|Win32
		{4E9084DC-B1B2-49DC-9FF1-A875911C16B7}.Release|x64.ActiveCfg = Release|x64
		{4E9084DC-B1B2-49DC-9FF1-A875911C16B7}.Release|x64.Build.0 = Release|x64
		{4E9084DC-B1B2-49DC-9FF1-A875911C16B7}.Release|x86.ActiveCfg = Release|Win32
		{4E9084DC-B1B2-49DC-9FF1-A875911C16B7}.Release|x86.Build.0 = Release|Win32
		{D354D80E-8929-4AA7-9B98-740A38A4794D}.Debug|x64.ActiveCfg = Debug|x64
		{D354D80E-8929-4AA7-9B98-740A38A4794D}.Debug|x64.Build.0 = Debug|x64
		{D354D80E-8929-4AA7-9B98-740A38A4794D}.Debug|x86.ActiveCfg = Debug|Win32
		{D354D80E-8929-4AA7-9B98-740A38A4794D}.Debug|x86.Build.0 = Debug|Win32
		{D354D80E-8929-4AA7-9B98-740A38A4794D}.Release|x64.ActiveCfg = Release|x64
		{D354D80E-8929-4AA7-9B98-740A38A4794D}.Release|x64.Build.0 = Release|x64
		{D354D80E-8929-4AA7-9B98-740A38A4794D}.Release|x86.ActiveCfg = Release|Win32
		{D354D80E-8929-4AA7-9B98-740A38A4794D}.Release|x86.Build.0 = Release|Win32
		{9A0B0226-AFF5-4611-8635-000D8624509F}.Debug|x64.ActiveCfg = Debug|x64
		{9A0B0226-AFF5-4611-8635-000D8624509F}.Debug|x64.Build.0 = Debug|x64
		{9A0B0226-AFF5-4611-8635-000D8624509F}.Debug|x86.ActiveCfg = Debug|Win32
		{9A0B0226-AFF5-4611-8635-000D8624509F}.Debug|x86.Build.0 = Debug|Win32
		{9A0B0226-AFF5-4611-8635-000D8624509F}.Release|x64.ActiveCfg = Release|x64
		{9A0B0226-AFF5-4611-8635-000D8624509F}.Release|x64.Build.0 = Release|x64
		{9A0B0226-AFF5-4611-8635-000D8624509F}.Release|x86.ActiveCfg = Release|Win32
		{9A0B0226-AFF5-4611-8635-000D8624509F}.Release|x86.Build.0 = Release|Win32
		{1ACD427C-DDA6-425A-9E97-FA6F563CE98B}.Debug|x64.ActiveCfg = Debug|x64
		{1ACD427C-DDA6-425A-9E97-FA6F563CE98B}.Debug|x64.Build.0 = Debug|x64
		{1ACD427C-DDA6-425A-9E97-FA6F563CE98B}.Debug|x86.ActiveCfg = Debug|Win32
		{1ACD427C-DDA6-425A-9E97-FA6F563CE98B}.Debug|x86.Build.0 = Debug|Win32
		{1ACD427C-DDA6-425A-9E97-FA6F563CE98B}.Release|x64.ActiveCfg = Release|x64
		{1ACD427C-DDA6-425A-9E97-FA6F563CE98B}.Release|x64.Build.0 = Release|x64
		{1ACD427C-DDA6-425A-9E97-FA6F563CE98B}.Release|x86.ActiveCfg = Release|Win32
		{1ACD427C-DDA6-425A-9E97-FA6F563CE98B}.Release|x86.Build.0 = Release|Win32
		{5E3EFE97-6392-433D-B3AD-605D402E66FD}.Debug|x64.ActiveCfg = Debug|x64
		{5E3EFE97-6392-433D-B3AD-605D402E66FD}.Debug|x64.Build.0 = Debug|x64
		{5E3EFE97-6392-433D-B3AD-605D402E66FD}.Debug|x86.ActiveCfg = Debug|Win32
		{5E3EFE97-6392-433D-B3AD-605D402E66FD}.Debug|x86.Build.0 = Debug|Win32
		{5E3EFE97-6392-433D-B3AD-605D402E66FD}.Release|x64.ActiveCfg = Release|x64
		{5E3EFE97-6392-433D-B3AD-605D402E66FD}.Release|x64.Build.0 = Release|x64
		{5E3EFE97-6392-433D-B3AD-605D402E66FD}.Release|x86.ActiveCfg = Release|Win32
		{5E3EFE97-6392-433D-B3AD-605D402E66FD}.Release|x86.Build.0 = Release|Win32
		{64AC8C43-2DEB-4D1E-8919-97F35D0E7FFD}.Debug|x64.ActiveCfg = Debug|x64
		{64AC8C43-2DEB-4D1E-8919-97F35D0E7FFD}.Debug|x64.Build.0 = Debug|x64
		{64AC8C43-2DEB-4D1E-8919-97F35D0E7FFD}.Debug|x86.ActiveCfg = Debug|Win32
		{64AC8C43-2DEB-4D1E-8919-97F35D0E7FFD}.Debug|x86.Build.0 = Debug|Win32
		{64AC8C43-2DEB-4D1E-8919-97F35D0E7FFD}.Release|x64.ActiveCfg = Release|x64
		{64AC8C43-2DEB-4D1E-8919-97F35D0E7FFD}.Release|x64.Build.0 = Release|x64
		{64AC8C43-2DEB-4D1E-8919-97F35D0E7FFD}.Release|x86.ActiveCfg = Release|Win32
		{64AC8C43-2DEB-4D1E-8919-97F35D0E7FFD}.Release|x86.Build.0 = Release|Win32
		{2B686695-7939-4A87-A7F8-2013D09135ED}.Debug|x64.ActiveCfg = Debug|x64
		{2B686695-7939-4A87-A7F8-2013D09135ED}.Debug|x64.Build.0 = Debug|x64
		{2B686695-7939-4A87-A7F8-2013D09135ED}.Debug|x86.ActiveCfg = Debug|Win32
		{2B686695-7939-4A87-A7F8-2013D09135ED}.Debug|x86.Build.0 = Debug|Win32
		{2B686695-7939-4A87-A7F8-2013D09135ED}.Release|x64.ActiveCfg = Release|x64
		{2B686695-7939-4A87-A7F8-2013D09135ED}.Release|x64.Build.0 = Release|x64
		{2B686695-7939-4A87-A7F8-2013D09135ED}.Release|x86.ActiveCfg = Release|Win32
		{2B686695-7939-4A87-A7F8-2013D09135ED}.Release|x86.Build.0 = Release|Win32
		{6FAD3B11-6982-45E2-B81F-3C414744D7CB}.Debug|x64.ActiveCfg = Debug|x64
		{6FAD3B11-6982-45E2-B81F-3C414744D7CB}.Debug|x64.Build.0 = Debug|x64
		{6FAD3B11-6982-45E2-B81F-3C414744D7CB}.Debug|x86.ActiveCfg = Debug|Win32
		{6FAD3B11-6982-45E2-B81F-3C414744D7CB}.Debug|x86.Build.0 = Debug|Win32
		{6FAD3B11-6982-45E2-B81F-3C414744D7CB}.Release|x64.ActiveCfg = Release|x64
		{6FAD3B11-6982-45E2-B81F-3C414744D7CB}.Release|x64.Build.0 = Release|x64
		{6FAD3B11-6982-45E2-B81F-3C414744D7CB}.Release|x86.ActiveCfg = Release|Win32
		{6FAD3B11-6982-45E2-B81F-3C414744D7CB}.Release|x86.Build.0 = Release|Win32
		{94FE75E9-EA95-4511-AE3F-708D9E44179F}.Debug|x64.ActiveCfg = Debug|x64
		{94FE75E9-EA95-4511-AE3F-708D9E44179F}.Debug|x64.Build.0 = Debug|x64
		{94FE75E9-EA95-4511-AE3F-708D9E44179F}.Debug|x86.ActiveCfg = Debug|Win32
		{94FE75E9-EA95-4511-AE3F-708D9E44179F}.Debug|x86.Build.0 = Debug|Win32
		{94FE75E9-EA95-4511-AE3F-708D9E44179F}.Release|x64.ActiveCfg = Release|x64
		{94FE75E9-EA95-4511-AE3F-708D9E44179F}.Release|x64.Build.0 = Release|x64
		{94FE75E9-EA95-4511-AE3F-708D9E44179F}.Release|x86.ActiveCfg = Release|Win32
		{94FE75E9-EA95-4511-AE3F-708D9E44179F}.Release|x86.Build.0 = Release|Win32
		{343C62C7-3B7F-4DD7-BD3E-B66D1CBB4972}.Debug|x64.ActiveCfg = Debug|x64
		{343C62C7-3B7F-4DD7-BD3E-B66D1CBB4972}.Debug|x64.Build.0 = Debug|x64
		{343C62C7-3B7F-4DD7-BD3E-B66D1CBB4972}.Debug|x86.ActiveCfg = Debug|Win32
		{343C62C7-3B7F-4DD7-BD3E-B66D1CBB4972}.Debug|x86.Build.0 = Debug|Win32
		{343C62C7-3B7F-4DD7-BD3E-B66D1CBB4972}.Release|x64.ActiveCfg = Release|x64
		{343C62C7-3B7F-4DD7-BD3E-B66D1CBB4972}.Release|x64.Build.0 = Release|x64
		{343C62C7-3B7F-4DD7-BD3E-B66D1CBB4972}.Release|x86.ActiveCfg = Release|Win32
		{343C62C7-3B7F-4DD7-BD3E-B66D1CBB4972}.Release|x86.Build.0 = Release|Win32
		{CB907FD1-2C4E-4B03-A839-52EA8F877CF9}.Debug|x64.ActiveCfg = Debug|x64
		{CB907FD1-2C4E-4B03-A839-52EA8F877CF9}.Debug|x64.Build.0 = Debug|x64
		{CB907FD1-2C4E-4B03-A839-52EA8F877CF9}.Debug|x86.ActiveCfg = Debug|Win32
		{CB907FD1-2C4E-4B03-A839-52EA8F877CF9}.Debug|x86.Build.0 = Debug|Win32
		{CB907FD1-2C4E-4B03-A839-52EA8F877CF9}.Release|x64.ActiveCfg = Release|x64
		{CB907FD1-2C4E-4B03-A839-52EA8F877CF9}.Release|x64.Build.0 = Release|x64
		{CB907FD1-2C4E-4B03-A839-52EA8F877CF9}.Release|x86.ActiveCfg = Release|Win32
		{CB907FD1-2C4E-4B03-A839-52EA8F877CF9}.Release|x86.Build.0 = Release|Win32
		{C3511799-923B-4A1E-B171-4F33CF2DF997}.Debug|x64.ActiveCfg = Debug|x64
		{C3511799-923B-4A1E-B171-4F33CF2DF997}.Debug|x64.Build.0 = Debug|x64
		{C3511799-923B-4A1E-B171-4F33CF2DF997}.Debug|x86.ActiveCfg = Debug|Win32
		{C3511799-923B-4A1E-B171-4F33CF2DF997}.Debug|x86.Build.0 = Debug|Win32
		{C3511799-923B-4A1E-B171-4F33CF2DF997}.Release|x64.ActiveCfg = Release|x64
		{C3511799-923B-4A1E-B171-4F33CF2DF997}.Release|x64.Build.0 = Release|x64
		{C3511799-923B-4A1E-B171-4F33CF2DF997}.Release|x86.ActiveCfg = Release|Win32
		{C3511799-923B-4A1E-B171-4F33CF2DF997}.Release|x86.Build.0 = Release|Win32
		{B3AAC993-5429-4913-B0C5-D2CAAD247C81}.Debug|x64.ActiveCfg = Debug|x64
		{B3AAC993-5429-4913-B0C5-D2CAAD247C81}.Debug|x64.Build.0 = Debug|x64
		{B3AAC993-5429-4913-B0C5-D2CAAD247C81}.Debug|x86.ActiveCfg = Debug|Win32
		{B3AAC993-5429-4913-B0C5-D2CAAD247C81}.Debug|x86.Build.0 = Debug|Win32
		{B3AAC993-5429-4913-B0C5-D2CAAD247C81}.Release|x64.ActiveCfg = Release|x64
		{B3AAC993-5429-4913-B0C5-D2CAAD247C81}.Release|x64.Build.0 = Release|x64
		{B3AAC993-5429-4913-B0C5-D2CAAD247C81}.Release|x86.ActiveCfg = Release|Win32
		{B3AAC993-5429-4913-B0C5-D2CAAD247C81}.Release|x86.Build.0 = Release|Win32
		{0A1331BC-501C-4A00-8495-8C3D87ED11AD}.Debug|x64.ActiveCfg = Debug|x64
		{0A1331BC-501C-4A00-8495-8C3D87ED11AD}.Debug|x64.Build.0 = Debug|x64
		{0A1331BC-501C-4A00-8495-8C3D87ED11AD}.Debug|x86.ActiveCfg = Debug|Win32
		{0A1331BC-501C-4A00-8495-8C3D87ED11AD}.Debug|x86.Build.0 = Debug|Win32
		{0A1331BC-501C-4A00-8495-8C3D87ED11AD}.Release|x64.ActiveCfg = Release|x64
		{0A1331BC-501C-4A00-8495-8C3D87ED11AD}.Release|x64.Build.0 = Release|x64
		{0A1331BC-501C-4A00-8495-8C3D87ED11AD}.Release|x86.ActiveCfg = Release|Win32
		{0A1331BC-501C-4A00-8495-8C3D87ED11AD}.Release|x86.Build.0 = Release|Win32
		{652065B5-3734-440E-BD5B-B595A27C5482}.Debug|x64.ActiveCfg = Debug|x64
		{652065B5-3734-440E-BD5B-B595A27C5482}.Debug|x64.Build.0 = Debug|x64
		{652065B5-3734-440E-BD5B-B595A27C5482}.Debug|x86.ActiveCfg = Debug|Win32
		{652065B5-3734-440E-BD5B-B595A27C5482}.Debug|x86.Build.0 = Debug|Win32
		{652065B5-3734-440E-BD5B-B595A27C5482}.Release|x64.ActiveCfg = Release|x64
		{652065B5-3734-440E-BD5B-B595A27C5482}.Release|x64.Build.0 = Release|x64
		{652065B5-3734-440E-BD5B-B595A27C5482}.Release|x86.ActiveCfg = Release|Win32
		{652065B5-3734-440E-BD5B-B595A27C5482}.Release|x86.Build.0 = Release|Win32
		{954DC6D8-276D-464A-BC08-CC6F49BBAD1F}.Debug|x64.ActiveCfg = Debug|x64
		{954DC6D8-276D-464A-BC08-CC6F49BBAD1F}.Debug|x64.Build.0 = Debug|x64
		{954DC6D8-276D-464A-BC08-CC6F49BBAD1F}.Debug|x86.ActiveCfg = Debug|Win32
		{954DC6D8-276D-464A-BC08-CC6F49BBAD1F}.Debug|x86.Build.0 = Debug|Win32
		{954DC6D8-276D-464A-BC08-CC6F49BBAD1F}.Release|x64.ActiveCfg = Release|x64
		{954DC6D8-276D-464A-BC08-CC6F49BBAD1F}.Release|x64.Build.0 = Release|x64
		{954DC6D8-276D-464A-BC08-CC6F49BBAD1F}.Release|x86.ActiveCfg = Release|Win32
		{954DC6D8-276D-464A-BC08-CC6F49BBAD1F}.Release|x86.Build.0 = Release|Win32
		{565DE7CA-C9E5-4C56-98AE-997E7C9CA1AB}.Debug|x64.ActiveCfg = Debug|x64
		{565DE7CA-C9E5-4C56-98AE-997E7C9CA1AB}.Debug|x64.Build.0 = Debug|x64
		{565DE7CA-C9E5-4C56-98AE-997E7C9CA1AB}.Debug|x86.ActiveCfg = Debug|Win32
		{565DE7CA-C9E5-4C56-98AE-997E7C9CA1AB}.Debug|x86.Build.0 = Debug|Win32
		{565DE7CA-C9E5-4C56-98AE-997E7C9CA1AB}.Release|x64.ActiveCfg = Release|x64
		{565DE7CA-C9E5-4C56-98AE-997E7C9CA1AB}.Release|x64.Build.0 = Release|x64
		{565DE7CA-C9E5-4C56-98AE-997E7C9CA1AB}.Release|x86.ActiveCfg = Release|Win32
		{565DE7CA-C9E5-4C56-98AE-997E7C9CA1AB}.Release|x86.Build.0 = Release|Win32
		{623E1382-AE3E-4B9C-9765-953295F2C944}.Debug|x64.ActiveCfg = Debug|x64
		{623E1382-AE3E-4B9C-9765-953295F2C944}.Debug|x64.Build.0 = Debug|x64
		{623E1382-AE3E-4B9C-9765-953295F2C944}.Debug|x86.ActiveCfg = Debug|Win32
		{623E1382-AE3E-4B9C-9765-953295F2C944}.Debug|x86.Build.0 = Debug|Win32
		{623E1382-AE3E-4B9C-9765-953295F2C944}.Release|x64.ActiveCfg = Release|x64
		{623E1382-AE3E-4B9C-9765-953295F2C944}.Release|x64.Build.0 = Release|x64
		{623E1382-AE3E-4B9C-9765-953295F2C944}.Release|x86.ActiveCfg = Release|Win32
		{623E1382-AE3E-4B9C-9765-953295F2C944}.Release|x86.Build.0 = Release|Win32
		{D55BE307-85C6-4579-AC7C-2CD222198232}.Debug|x64.ActiveCfg = Debug|x64
		{D55BE307-85C6-4579-AC7C-2CD222198232}.Debug|x64.Build.0 = Debug|x64
		{D55BE307-85C6-4579-AC7C-2CD222198232}.Debug|x86.ActiveCfg = Debug|Win32
		{D55BE307-85C6-4579-AC7C-2CD222198232}.Debug|x86.Build.0 = Debug|Win32
		{D55BE307-85C6-4579-AC7C-2CD222198232}.Release|x64.ActiveCfg = Release|x64
		{D55BE307-85C6-4579-AC7C-2CD222198232}.Release|x64.Build.0 = Release|x64
		{D55BE307-85C6-4579-AC7C-2CD222198232}.Release|x86.ActiveCfg = Release|Win32
		{D55BE307-85C6-4579-AC7C-2CD222198232}.Release|x86.Build.0 = Release|Win32
		{753E690B-E42C-410F-83A5-0212AEAF9F56}.Debug|x64.ActiveCfg = Debug|x64
		{753E690B-E42C-410F-83A5-0212AEAF9F56}.Debug|x64.Build.0 = Debug|x64
		{753E690B-E42C-410F-83A5-0212AEAF9F56}.Debug|x86.ActiveCfg = Debug|Win32
		{753E690B-E42C-410F-83A5-0212AEAF9F56}.Debug|x86.Build.0 = Debug|Win32
		{753E690B-E42C-410F-83A5-0212AEAF9F56}.Release|x64.ActiveCfg = Release|x64
		{753E690B-E42C-410F-83A5-0212AEAF9F56}.Release|x64.Build.0 = Release|x64
		{753E690B-E42C-410F-83A5-0212AEAF9F56}.Release|x86.ActiveCfg = Release|Win32
		{753E690B-E42C-410F-83A5-0212AEAF9F56}.Release|x86.Build.0 = Release|Win32
		{D3A26F5C-F1BE-4833-8686-D56D5B46AA8E}.Debug|x64.ActiveCfg = Debug|x64
		{D3A26F5C-F1BE-4833-8686-D56D5B46AA8E}.Debug|x64.Build.0 = Debug|x64
		{D3A26F5C-F1BE-4833-8686-D56D5B46AA8E}.Debug|x86.ActiveCfg = Debug|Win32
		{D3A26F5C-F1BE-4833-8686-D56D5B46AA8E}.Debug|x86.Build.0 = Debug|Win32
		{D3A26F5C-F1BE-4833-8686-D56D5B46AA8E}.Release|x64.ActiveCfg = Release|x64
		{D3A26F5C-F1BE-4833-8686-D56D5B46AA8E}.Release|x64.Build.0 = Release|x64
		{D3A26F5C-F1BE-4833-8686-D56D5B46AA8E}.Release|x86.ActiveCfg = Release|Win32
		{D3A26F5C-F1BE-4833-8686-D56D5B46AA8E}.Release|x86.Build.0 = Release|Win32
		{5CC0D6F6-8A86-4755-AD85-21D9CE9DCFBB}.Debug|x64.ActiveCfg = Debug|x64
		{5CC0D6F6-8A86-4755-AD85-21D9CE9DCFBB}.Debug|x64.Build.0 = Debug|x64
		{5CC0D6F6-8A86-4755-AD85-21D9CE9DCFBB}.Debug|x86.ActiveCfg = Debug|Win32
		{5CC0D6F6-8A86-4755-AD85-21D9CE9DCFBB}.Debug|x86.Build.0 = Debug|Win32
		{5CC0D6F6-8A86-4755-AD85-21D9CE9DCFBB}.Release|x64.ActiveCfg = Release|x64
		{5CC0D6F6-8A86-4755-AD85-21D9CE9DCFBB}.Release|x64.Build.0 = Release|x64
		{5CC0D6F6-8A86-4755-AD85-21D9CE9DCFBB}.Release|x86.ActiveCfg = Release|Win32
		{5CC0D6F6-8A86-4755-AD85-21D9CE9DCFBB}.Release|x86.Build.0 = Release|Win32
		{A531AB32-B155-4573-8551-6B41D05A17B5}.Debug|x64.ActiveCfg = Debug|x64
		{A531AB32-B155-4573-8551-6B41D05A17B5}.Debug|x64.Build.0 = Debug|x64
		{A531AB32-B155-4573-8551-6B41D05A17B5}.Debug|x86.ActiveCfg = Debug|Win32
		{A531AB32-B155-4573-8551-6B41D05A17B5}.Debug|x86.Build.0 = Debug|Win32
		{A531AB32-B155-4573-8551-6B41D05A17B5}.Release|x64.ActiveCfg = Release|x64
		{A531AB32-B155-4573-8551-6B41D05A17B5}.Release|x64.Build.0 = Release|x64
		{A531AB32-B155-4573-8551-6B41D05A17B5}.Release|x86.ActiveCfg = Release|Win32
		{A531AB32-B155-4573-8551-6B41D05A17B5}.Release|x86.Build.0 = Release|Win32
		{F0E6A1F9-7773-4A29-9A22-2106370C569A}.Debug|x64.ActiveCfg = Debug|x64
		{F0E6A1F9-7773-4A29-9A22-2106370C569A}.Debug|x64.Build.0 = Debug|x64
		{F0E6A1F9-7773-4A29-9A22-2106370C569A}.Debug|x86.ActiveCfg = Debug|Win32
		{F0E6A1F9-7773-4A29-9A22-2106370C569A}.Debug|x86.Build.0 = Debug|Win32
		{F0E6A1F9-7773-4A29-9A22-2106370C569A}.Release|x64.ActiveCfg = Release|x64
		{F0E6A1F9-7773-4A29-9A22-2106370C569A}.Release|x64.Build.0 = Release|x64
		{F0E6A1F9-7773-4A29-9A22-2106370C569A}.Release|x86.ActiveCfg = Release|Win32
		{F0E6A1F9-7773-4A29-9A22-2106370C569A}.Release|x86.Build.0 = Release|Win32
		{C7596619-99BE-441E-B156-1FAD99750B17}.Debug|x64.ActiveCfg = Debug|x64
		{C7596619-99BE-441E-B156-1FAD99750B17}.Debug|x64.Build.0 = Debug|x64
		{C7596619-99BE-441E-B156-1FAD99750B17}.Debug|x86.ActiveCfg = Debug|Win32
		{C7596619-99BE-441E-B156-1FAD99750B17}.Debug|x86.Build.0 = Debug|Win32
		{C7596619-99BE-441E-B156-1FAD99750B17}.Release|x64.ActiveCfg = Release|x64
		{C7596619-99BE-441E-B156-1FAD99750B17}.Release|x64.Build.0 = Release|x64
		{C7596619-99BE-441E-B156-1FAD99750B17}.Release|x86.ActiveCfg = Release|Win32
		{C7596619-99BE-441E-B156-1FAD99750B17}.Release|x86.Build.0 = Release|Win32
	EndGlobalSection
	GlobalSection(SolutionProperties) = preSolution
		HideSolutionNode = FALSE
	EndGlobalSection
	GlobalSection(ExtensibilityGlobals) = postSolution
		SolutionGuid = {72A547E9-F8A2-4AD9-867F-D27266AB8DC5}
	EndGlobalSection
EndGlobal
