
Microsoft Visual Studio Solution File, Format Version 12.00
# Visual Studio Version 17
VisualStudioVersion = 17.6.33815.320
MinimumVisualStudioVersion = 10.0.40219.1
Project("{8BC9CEB8-8B4A-11D0-8D11-00A0C91BC942}") = "1-1", "1-1\1-1.vcxproj", "{E7679EF3-02E4-429E-A2E2-F2BD812EFA1C}"
EndProject
Project("{8BC9CEB8-8B4A-11D0-8D11-00A0C91BC942}") = "1-2", "1-2\1-2.vcxproj", "{207F797F-CDF5-4886-B919-DC7BD9936742}"
EndProject
Project("{8BC9CEB8-8B4A-11D0-8D11-00A0C91BC942}") = "1-4", "1-4\1-4.vcxproj", "{30B47E33-731C-4C05-BF98-E862E0A38F3C}"
EndProject
Project("{8BC9CEB8-8B4A-11D0-8D11-00A0C91BC942}") = "1-3", "1-3\1-3.vcxproj", "{357465BD-7E20-4C9F-A215-0090B902C0C4}"
EndProject
Project("{8BC9CEB8-8B4A-11D0-8D11-00A0C91BC942}") = "1-5", "1-5\1-5.vcxproj", "{FAEB40E4-ED5C-42D4-BFEE-E5AB530A4FF0}"
EndProject
Project("{8BC9CEB8-8B4A-11D0-8D11-00A0C91BC942}") = "1-6", "1-6\1-6.vcxproj", "{ED465B4A-7BF4-4C84-B012-7F69561EE501}"
EndProject
Project("{8BC9CEB8-8B4A-11D0-8D11-00A0C91BC942}") = "1-8", "1-8\1-8.vcxproj", "{324A666F-3A30-4382-AA3E-5A941C5F628F}"
EndProject
Project("{8BC9CEB8-8B4A-11D0-8D11-00A0C91BC942}") = "1-9", "1-9\1-9.vcxproj", "{1DB3F415-2B72-44DF-994E-763B02DE6A3E}"
EndProject
Project("{8BC9CEB8-8B4A-11D0-8D11-00A0C91BC942}") = "2-6", "2-6\2-6.vcxproj", "{02ECF380-021B-459D-BE0B-00E2C4EEE1CD}"
EndProject
Project("{8BC9CEB8-8B4A-11D0-8D11-00A0C91BC942}") = "2-7", "2-7\2-7.vcxproj", "{A0E9B031-BC1D-4722-B97B-30F79FD3B84B}"
EndProject
Project("{8BC9CEB8-8B4A-11D0-8D11-00A0C91BC942}") = "2-8", "2-8\2-8.vcxproj", "{18A8FFAB-56D8-44A4-814F-C4079A9BC839}"
EndProject
Project("{8BC9CEB8-8B4A-11D0-8D11-00A0C91BC942}") = "2-9", "2-9\2-9.vcxproj", "{EF69200B-9C94-4FCA-9448-CB09936011FF}"
EndProject
Project("{8BC9CEB8-8B4A-11D0-8D11-00A0C91BC942}") = "2-10", "2-10\2-10.vcxproj", "{B79EF036-B67A-44EF-B74B-99A59EE44AFB}"
EndProject
Project("{8BC9CEB8-8B4A-11D0-8D11-00A0C91BC942}") = "2-11", "2-11\2-11.vcxproj", "{21A47C68-6106-4710-A679-74F2A1B4B5AA}"
EndProject
Project("{8BC9CEB8-8B4A-11D0-8D11-00A0C91BC942}") = "2-12", "2-12\2-12.vcxproj", "{EBBFD762-63D0-4EE2-BC79-C3BF71D74611}"
EndProject
Global
	GlobalSection(SolutionConfigurationPlatforms) = preSolution
		Debug|x64 = Debug|x64
		Debug|x86 = Debug|x86
		Release|x64 = Release|x64
		Release|x86 = Release|x86
	EndGlobalSection
	GlobalSection(ProjectConfigurationPlatforms) = postSolution
		{E7679EF3-02E4-429E-A2E2-F2BD812EFA1C}.Debug|x64.ActiveCfg = Debug|x64
		{E7679EF3-02E4-429E-A2E2-F2BD812EFA1C}.Debug|x64.Build.0 = Debug|x64
		{E7679EF3-02E4-429E-A2E2-F2BD812EFA1C}.Debug|x86.ActiveCfg = Debug|Win32
		{E7679EF3-02E4-429E-A2E2-F2BD812EFA1C}.Debug|x86.Build.0 = Debug|Win32
		{E7679EF3-02E4-429E-A2E2-F2BD812EFA1C}.Release|x64.ActiveCfg = Release|x64
		{E7679EF3-02E4-429E-A2E2-F2BD812EFA1C}.Release|x64.Build.0 = Release|x64
		{E7679EF3-02E4-429E-A2E2-F2BD812EFA1C}.Release|x86.ActiveCfg = Release|Win32
		{E7679EF3-02E4-429E-A2E2-F2BD812EFA1C}.Release|x86.Build.0 = Release|Win32
		{207F797F-CDF5-4886-B919-DC7BD9936742}.Debug|x64.ActiveCfg = Debug|x64
		{207F797F-CDF5-4886-B919-DC7BD9936742}.Debug|x64.Build.0 = Debug|x64
		{207F797F-CDF5-4886-B919-DC7BD9936742}.Debug|x86.ActiveCfg = Debug|Win32
		{207F797F-CDF5-4886-B919-DC7BD9936742}.Debug|x86.Build.0 = Debug|Win32
		{207F797F-CDF5-4886-B919-DC7BD9936742}.Release|x64.ActiveCfg = Release|x64
		{207F797F-CDF5-4886-B919-DC7BD9936742}.Release|x64.Build.0 = Release|x64
		{207F797F-CDF5-4886-B919-DC7BD9936742}.Release|x86.ActiveCfg = Release|Win32
		{207F797F-CDF5-4886-B919-DC7BD9936742}.Release|x86.Build.0 = Release|Win32
		{30B47E33-731C-4C05-BF98-E862E0A38F3C}.Debug|x64.ActiveCfg = Debug|x64
		{30B47E33-731C-4C05-BF98-E862E0A38F3C}.Debug|x64.Build.0 = Debug|x64
		{30B47E33-731C-4C05-BF98-E862E0A38F3C}.Debug|x86.ActiveCfg = Debug|Win32
		{30B47E33-731C-4C05-BF98-E862E0A38F3C}.Debug|x86.Build.0 = Debug|Win32
		{30B47E33-731C-4C05-BF98-E862E0A38F3C}.Release|x64.ActiveCfg = Release|x64
		{30B47E33-731C-4C05-BF98-E862E0A38F3C}.Release|x64.Build.0 = Release|x64
		{30B47E33-731C-4C05-BF98-E862E0A38F3C}.Release|x86.ActiveCfg = Release|Win32
		{30B47E33-731C-4C05-BF98-E862E0A38F3C}.Release|x86.Build.0 = Release|Win32
		{357465BD-7E20-4C9F-A215-0090B902C0C4}.Debug|x64.ActiveCfg = Debug|x64
		{357465BD-7E20-4C9F-A215-0090B902C0C4}.Debug|x64.Build.0 = Debug|x64
		{357465BD-7E20-4C9F-A215-0090B902C0C4}.Debug|x86.ActiveCfg = Debug|Win32
		{357465BD-7E20-4C9F-A215-0090B902C0C4}.Debug|x86.Build.0 = Debug|Win32
		{357465BD-7E20-4C9F-A215-0090B902C0C4}.Release|x64.ActiveCfg = Release|x64
		{357465BD-7E20-4C9F-A215-0090B902C0C4}.Release|x64.Build.0 = Release|x64
		{357465BD-7E20-4C9F-A215-0090B902C0C4}.Release|x86.ActiveCfg = Release|Win32
		{357465BD-7E20-4C9F-A215-0090B902C0C4}.Release|x86.Build.0 = Release|Win32
		{FAEB40E4-ED5C-42D4-BFEE-E5AB530A4FF0}.Debug|x64.ActiveCfg = Debug|x64
		{FAEB40E4-ED5C-42D4-BFEE-E5AB530A4FF0}.Debug|x64.Build.0 = Debug|x64
		{FAEB40E4-ED5C-42D4-BFEE-E5AB530A4FF0}.Debug|x86.ActiveCfg = Debug|Win32
		{FAEB40E4-ED5C-42D4-BFEE-E5AB530A4FF0}.Debug|x86.Build.0 = Debug|Win32
		{FAEB40E4-ED5C-42D4-BFEE-E5AB530A4FF0}.Release|x64.ActiveCfg = Release|x64
		{FAEB40E4-ED5C-42D4-BFEE-E5AB530A4FF0}.Release|x64.Build.0 = Release|x64
		{FAEB40E4-ED5C-42D4-BFEE-E5AB530A4FF0}.Release|x86.ActiveCfg = Release|Win32
		{FAEB40E4-ED5C-42D4-BFEE-E5AB530A4FF0}.Release|x86.Build.0 = Release|Win32
		{ED465B4A-7BF4-4C84-B012-7F69561EE501}.Debug|x64.ActiveCfg = Debug|x64
		{ED465B4A-7BF4-4C84-B012-7F69561EE501}.Debug|x64.Build.0 = Debug|x64
		{ED465B4A-7BF4-4C84-B012-7F69561EE501}.Debug|x86.ActiveCfg = Debug|Win32
		{ED465B4A-7BF4-4C84-B012-7F69561EE501}.Debug|x86.Build.0 = Debug|Win32
		{ED465B4A-7BF4-4C84-B012-7F69561EE501}.Release|x64.ActiveCfg = Release|x64
		{ED465B4A-7BF4-4C84-B012-7F69561EE501}.Release|x64.Build.0 = Release|x64
		{ED465B4A-7BF4-4C84-B012-7F69561EE501}.Release|x86.ActiveCfg = Release|Win32
		{ED465B4A-7BF4-4C84-B012-7F69561EE501}.Release|x86.Build.0 = Release|Win32
		{324A666F-3A30-4382-AA3E-5A941C5F628F}.Debug|x64.ActiveCfg = Debug|x64
		{324A666F-3A30-4382-AA3E-5A941C5F628F}.Debug|x64.Build.0 = Debug|x64
		{324A666F-3A30-4382-AA3E-5A941C5F628F}.Debug|x86.ActiveCfg = Debug|Win32
		{324A666F-3A30-4382-AA3E-5A941C5F628F}.Debug|x86.Build.0 = Debug|Win32
		{324A666F-3A30-4382-AA3E-5A941C5F628F}.Release|x64.ActiveCfg = Release|x64
		{324A666F-3A30-4382-AA3E-5A941C5F628F}.Release|x64.Build.0 = Release|x64
		{324A666F-3A30-4382-AA3E-5A941C5F628F}.Release|x86.ActiveCfg = Release|Win32
		{324A666F-3A30-4382-AA3E-5A941C5F628F}.Release|x86.Build.0 = Release|Win32
		{1DB3F415-2B72-44DF-994E-763B02DE6A3E}.Debug|x64.ActiveCfg = Debug|x64
		{1DB3F415-2B72-44DF-994E-763B02DE6A3E}.Debug|x64.Build.0 = Debug|x64
		{1DB3F415-2B72-44DF-994E-763B02DE6A3E}.Debug|x86.ActiveCfg = Debug|Win32
		{1DB3F415-2B72-44DF-994E-763B02DE6A3E}.Debug|x86.Build.0 = Debug|Win32
		{1DB3F415-2B72-44DF-994E-763B02DE6A3E}.Release|x64.ActiveCfg = Release|x64
		{1DB3F415-2B72-44DF-994E-763B02DE6A3E}.Release|x64.Build.0 = Release|x64
		{1DB3F415-2B72-44DF-994E-763B02DE6A3E}.Release|x86.ActiveCfg = Release|Win32
		{1DB3F415-2B72-44DF-994E-763B02DE6A3E}.Release|x86.Build.0 = Release|Win32
		{02ECF380-021B-459D-BE0B-00E2C4EEE1CD}.Debug|x64.ActiveCfg = Debug|x64
		{02ECF380-021B-459D-BE0B-00E2C4EEE1CD}.Debug|x64.Build.0 = Debug|x64
		{02ECF380-021B-459D-BE0B-00E2C4EEE1CD}.Debug|x86.ActiveCfg = Debug|Win32
		{02ECF380-021B-459D-BE0B-00E2C4EEE1CD}.Debug|x86.Build.0 = Debug|Win32
		{02ECF380-021B-459D-BE0B-00E2C4EEE1CD}.Release|x64.ActiveCfg = Release|x64
		{02ECF380-021B-459D-BE0B-00E2C4EEE1CD}.Release|x64.Build.0 = Release|x64
		{02ECF380-021B-459D-BE0B-00E2C4EEE1CD}.Release|x86.ActiveCfg = Release|Win32
		{02ECF380-021B-459D-BE0B-00E2C4EEE1CD}.Release|x86.Build.0 = Release|Win32
		{A0E9B031-BC1D-4722-B97B-30F79FD3B84B}.Debug|x64.ActiveCfg = Debug|x64
		{A0E9B031-BC1D-4722-B97B-30F79FD3B84B}.Debug|x64.Build.0 = Debug|x64
		{A0E9B031-BC1D-4722-B97B-30F79FD3B84B}.Debug|x86.ActiveCfg = Debug|Win32
		{A0E9B031-BC1D-4722-B97B-30F79FD3B84B}.Debug|x86.Build.0 = Debug|Win32
		{A0E9B031-BC1D-4722-B97B-30F79FD3B84B}.Release|x64.ActiveCfg = Release|x64
		{A0E9B031-BC1D-4722-B97B-30F79FD3B84B}.Release|x64.Build.0 = Release|x64
		{A0E9B031-BC1D-4722-B97B-30F79FD3B84B}.Release|x86.ActiveCfg = Release|Win32
		{A0E9B031-BC1D-4722-B97B-30F79FD3B84B}.Release|x86.Build.0 = Release|Win32
		{18A8FFAB-56D8-44A4-814F-C4079A9BC839}.Debug|x64.ActiveCfg = Debug|x64
		{18A8FFAB-56D8-44A4-814F-C4079A9BC839}.Debug|x64.Build.0 = Debug|x64
		{18A8FFAB-56D8-44A4-814F-C4079A9BC839}.Debug|x86.ActiveCfg = Debug|Win32
		{18A8FFAB-56D8-44A4-814F-C4079A9BC839}.Debug|x86.Build.0 = Debug|Win32
		{18A8FFAB-56D8-44A4-814F-C4079A9BC839}.Release|x64.ActiveCfg = Release|x64
		{18A8FFAB-56D8-44A4-814F-C4079A9BC839}.Release|x64.Build.0 = Release|x64
		{18A8FFAB-56D8-44A4-814F-C4079A9BC839}.Release|x86.ActiveCfg = Release|Win32
		{18A8FFAB-56D8-44A4-814F-C4079A9BC839}.Release|x86.Build.0 = Release|Win32
		{EF69200B-9C94-4FCA-9448-CB09936011FF}.Debug|x64.ActiveCfg = Debug|x64
		{EF69200B-9C94-4FCA-9448-CB09936011FF}.Debug|x64.Build.0 = Debug|x64
		{EF69200B-9C94-4FCA-9448-CB09936011FF}.Debug|x86.ActiveCfg = Debug|Win32
		{EF69200B-9C94-4FCA-9448-CB09936011FF}.Debug|x86.Build.0 = Debug|Win32
		{EF69200B-9C94-4FCA-9448-CB09936011FF}.Release|x64.ActiveCfg = Release|x64
		{EF69200B-9C94-4FCA-9448-CB09936011FF}.Release|x64.Build.0 = Release|x64
		{EF69200B-9C94-4FCA-9448-CB09936011FF}.Release|x86.ActiveCfg = Release|Win32
		{EF69200B-9C94-4FCA-9448-CB09936011FF}.Release|x86.Build.0 = Release|Win32
		{B79EF036-B67A-44EF-B74B-99A59EE44AFB}.Debug|x64.ActiveCfg = Debug|x64
		{B79EF036-B67A-44EF-B74B-99A59EE44AFB}.Debug|x64.Build.0 = Debug|x64
		{B79EF036-B67A-44EF-B74B-99A59EE44AFB}.Debug|x86.ActiveCfg = Debug|Win32
		{B79EF036-B67A-44EF-B74B-99A59EE44AFB}.Debug|x86.Build.0 = Debug|Win32
		{B79EF036-B67A-44EF-B74B-99A59EE44AFB}.Release|x64.ActiveCfg = Release|x64
		{B79EF036-B67A-44EF-B74B-99A59EE44AFB}.Release|x64.Build.0 = Release|x64
		{B79EF036-B67A-44EF-B74B-99A59EE44AFB}.Release|x86.ActiveCfg = Release|Win32
		{B79EF036-B67A-44EF-B74B-99A59EE44AFB}.Release|x86.Build.0 = Release|Win32
		{21A47C68-6106-4710-A679-74F2A1B4B5AA}.Debug|x64.ActiveCfg = Debug|x64
		{21A47C68-6106-4710-A679-74F2A1B4B5AA}.Debug|x64.Build.0 = Debug|x64
		{21A47C68-6106-4710-A679-74F2A1B4B5AA}.Debug|x86.ActiveCfg = Debug|Win32
		{21A47C68-6106-4710-A679-74F2A1B4B5AA}.Debug|x86.Build.0 = Debug|Win32
		{21A47C68-6106-4710-A679-74F2A1B4B5AA}.Release|x64.ActiveCfg = Release|x64
		{21A47C68-6106-4710-A679-74F2A1B4B5AA}.Release|x64.Build.0 = Release|x64
		{21A47C68-6106-4710-A679-74F2A1B4B5AA}.Release|x86.ActiveCfg = Release|Win32
		{21A47C68-6106-4710-A679-74F2A1B4B5AA}.Release|x86.Build.0 = Release|Win32
		{EBBFD762-63D0-4EE2-BC79-C3BF71D74611}.Debug|x64.ActiveCfg = Debug|x64
		{EBBFD762-63D0-4EE2-BC79-C3BF71D74611}.Debug|x64.Build.0 = Debug|x64
		{EBBFD762-63D0-4EE2-BC79-C3BF71D74611}.Debug|x86.ActiveCfg = Debug|Win32
		{EBBFD762-63D0-4EE2-BC79-C3BF71D74611}.Debug|x86.Build.0 = Debug|Win32
		{EBBFD762-63D0-4EE2-BC79-C3BF71D74611}.Release|x64.ActiveCfg = Release|x64
		{EBBFD762-63D0-4EE2-BC79-C3BF71D74611}.Release|x64.Build.0 = Release|x64
		{EBBFD762-63D0-4EE2-BC79-C3BF71D74611}.Release|x86.ActiveCfg = Release|Win32
		{EBBFD762-63D0-4EE2-BC79-C3BF71D74611}.Release|x86.Build.0 = Release|Win32
	EndGlobalSection
	GlobalSection(SolutionProperties) = preSolution
		HideSolutionNode = FALSE
	EndGlobalSection
	GlobalSection(ExtensibilityGlobals) = postSolution
		SolutionGuid = {A6DF6418-037A-451C-902F-64FDC60D9A3C}
	EndGlobalSection
EndGlobal
